// !$*UTF8*$!
{
	archiveVersion = 1;
	classes = {
	};
	objectVersion = 56;
	objects = {

/* Begin PBXBuildFile section */
		021F57A2501F4F4C15CE3FAD /* Pods_MamaPapaMedicalRecord.framework in Frameworks */ = {isa = PBXBuildFile; fileRef = 0585F532280F72D34723CB4F /* Pods_MamaPapaMedicalRecord.framework */; };
		3D434163AF6B6127B7F80F39 /* Pods_MamaPapaMedicalRecord_MamaPapaMedicalRecordUITests.framework in Frameworks */ = {isa = PBXBuildFile; fileRef = 0579501AD928B1AC13AED119 /* Pods_MamaPapaMedicalRecord_MamaPapaMedicalRecordUITests.framework */; };
		959644372AAB4ADE006E4114 /* AppDelegate.swift in Sources */ = {isa = PBXBuildFile; fileRef = 959644362AAB4ADE006E4114 /* AppDelegate.swift */; };
		959644392AAB4ADE006E4114 /* SceneDelegate.swift in Sources */ = {isa = PBXBuildFile; fileRef = 959644382AAB4ADE006E4114 /* SceneDelegate.swift */; };
		9596443B2AAB4ADE006E4114 /* ViewController.swift in Sources */ = {isa = PBXBuildFile; fileRef = 9596443A2AAB4ADE006E4114 /* ViewController.swift */; };
		9596443E2AAB4ADE006E4114 /* Main.storyboard in Resources */ = {isa = PBXBuildFile; fileRef = 9596443C2AAB4ADE006E4114 /* Main.storyboard */; };
		959644402AAB4ADE006E4114 /* Assets.xcassets in Resources */ = {isa = PBXBuildFile; fileRef = 9596443F2AAB4ADE006E4114 /* Assets.xcassets */; };
		959644432AAB4ADE006E4114 /* LaunchScreen.storyboard in Resources */ = {isa = PBXBuildFile; fileRef = 959644412AAB4ADE006E4114 /* LaunchScreen.storyboard */; };
		9596444E2AAB4ADE006E4114 /* MamaPapaMedicalRecordTests.swift in Sources */ = {isa = PBXBuildFile; fileRef = 9596444D2AAB4ADE006E4114 /* MamaPapaMedicalRecordTests.swift */; };
		959644582AAB4ADE006E4114 /* MamaPapaMedicalRecordUITests.swift in Sources */ = {isa = PBXBuildFile; fileRef = 959644572AAB4ADE006E4114 /* MamaPapaMedicalRecordUITests.swift */; };
		9596445A2AAB4ADE006E4114 /* MamaPapaMedicalRecordUITestsLaunchTests.swift in Sources */ = {isa = PBXBuildFile; fileRef = 959644592AAB4ADE006E4114 /* MamaPapaMedicalRecordUITestsLaunchTests.swift */; };
		959644672AAB52D1006E4114 /* MainTabBarController.swift in Sources */ = {isa = PBXBuildFile; fileRef = 959644662AAB52D1006E4114 /* MainTabBarController.swift */; };
		959644692AAB52EC006E4114 /* CoverViewController.swift in Sources */ = {isa = PBXBuildFile; fileRef = 959644682AAB52EC006E4114 /* CoverViewController.swift */; };
		9596446B2AAB5301006E4114 /* MemoViewController.swift in Sources */ = {isa = PBXBuildFile; fileRef = 9596446A2AAB5301006E4114 /* MemoViewController.swift */; };
		9596446D2AAB531C006E4114 /* RecordNotesListViewController.swift in Sources */ = {isa = PBXBuildFile; fileRef = 9596446C2AAB531C006E4114 /* RecordNotesListViewController.swift */; };
		9596446F2AAB5335006E4114 /* MedicalExaminationViewController.swift in Sources */ = {isa = PBXBuildFile; fileRef = 9596446E2AAB5335006E4114 /* MedicalExaminationViewController.swift */; };
		EFCA7C573D0105158B74BEEB /* Pods_MamaPapaMedicalRecordTests.framework in Frameworks */ = {isa = PBXBuildFile; fileRef = 0DA9E61FB5ACC3618B54C4C2 /* Pods_MamaPapaMedicalRecordTests.framework */; };
/* End PBXBuildFile section */

/* Begin PBXContainerItemProxy section */
		9596444A2AAB4ADE006E4114 /* PBXContainerItemProxy */ = {
			isa = PBXContainerItemProxy;
			containerPortal = 9596442B2AAB4ADE006E4114 /* Project object */;
			proxyType = 1;
			remoteGlobalIDString = 959644322AAB4ADE006E4114;
			remoteInfo = MamaPapaMedicalRecord;
		};
		959644542AAB4ADE006E4114 /* PBXContainerItemProxy */ = {
			isa = PBXContainerItemProxy;
			containerPortal = 9596442B2AAB4ADE006E4114 /* Project object */;
			proxyType = 1;
			remoteGlobalIDString = 959644322AAB4ADE006E4114;
			remoteInfo = MamaPapaMedicalRecord;
		};
/* End PBXContainerItemProxy section */

/* Begin PBXFileReference section */
		0579501AD928B1AC13AED119 /* Pods_MamaPapaMedicalRecord_MamaPapaMedicalRecordUITests.framework */ = {isa = PBXFileReference; explicitFileType = wrapper.framework; includeInIndex = 0; path = Pods_MamaPapaMedicalRecord_MamaPapaMedicalRecordUITests.framework; sourceTree = BUILT_PRODUCTS_DIR; };
		0585F532280F72D34723CB4F /* Pods_MamaPapaMedicalRecord.framework */ = {isa = PBXFileReference; explicitFileType = wrapper.framework; includeInIndex = 0; path = Pods_MamaPapaMedicalRecord.framework; sourceTree = BUILT_PRODUCTS_DIR; };
		0DA9E61FB5ACC3618B54C4C2 /* Pods_MamaPapaMedicalRecordTests.framework */ = {isa = PBXFileReference; explicitFileType = wrapper.framework; includeInIndex = 0; path = Pods_MamaPapaMedicalRecordTests.framework; sourceTree = BUILT_PRODUCTS_DIR; };
		582E2FBCCFEC9C4FB7937D2D /* Pods-MamaPapaMedicalRecord-MamaPapaMedicalRecordUITests.debug.xcconfig */ = {isa = PBXFileReference; includeInIndex = 1; lastKnownFileType = text.xcconfig; name = "Pods-MamaPapaMedicalRecord-MamaPapaMedicalRecordUITests.debug.xcconfig"; path = "Target Support Files/Pods-MamaPapaMedicalRecord-MamaPapaMedicalRecordUITests/Pods-MamaPapaMedicalRecord-MamaPapaMedicalRecordUITests.debug.xcconfig"; sourceTree = "<group>"; };
		75A872DC78CD1504269BCCBD /* Pods-MamaPapaMedicalRecordTests.release.xcconfig */ = {isa = PBXFileReference; includeInIndex = 1; lastKnownFileType = text.xcconfig; name = "Pods-MamaPapaMedicalRecordTests.release.xcconfig"; path = "Target Support Files/Pods-MamaPapaMedicalRecordTests/Pods-MamaPapaMedicalRecordTests.release.xcconfig"; sourceTree = "<group>"; };
		7BEE6CBE3421BE992C079995 /* Pods-MamaPapaMedicalRecord.release.xcconfig */ = {isa = PBXFileReference; includeInIndex = 1; lastKnownFileType = text.xcconfig; name = "Pods-MamaPapaMedicalRecord.release.xcconfig"; path = "Target Support Files/Pods-MamaPapaMedicalRecord/Pods-MamaPapaMedicalRecord.release.xcconfig"; sourceTree = "<group>"; };
		959644332AAB4ADE006E4114 /* MamaPapaMedicalRecord.app */ = {isa = PBXFileReference; explicitFileType = wrapper.application; includeInIndex = 0; path = MamaPapaMedicalRecord.app; sourceTree = BUILT_PRODUCTS_DIR; };
		959644362AAB4ADE006E4114 /* AppDelegate.swift */ = {isa = PBXFileReference; lastKnownFileType = sourcecode.swift; path = AppDelegate.swift; sourceTree = "<group>"; };
		959644382AAB4ADE006E4114 /* SceneDelegate.swift */ = {isa = PBXFileReference; lastKnownFileType = sourcecode.swift; path = SceneDelegate.swift; sourceTree = "<group>"; };
		9596443A2AAB4ADE006E4114 /* ViewController.swift */ = {isa = PBXFileReference; lastKnownFileType = sourcecode.swift; path = ViewController.swift; sourceTree = "<group>"; };
		9596443D2AAB4ADE006E4114 /* Base */ = {isa = PBXFileReference; lastKnownFileType = file.storyboard; name = Base; path = Base.lproj/Main.storyboard; sourceTree = "<group>"; };
		9596443F2AAB4ADE006E4114 /* Assets.xcassets */ = {isa = PBXFileReference; lastKnownFileType = folder.assetcatalog; path = Assets.xcassets; sourceTree = "<group>"; };
		959644422AAB4ADE006E4114 /* Base */ = {isa = PBXFileReference; lastKnownFileType = file.storyboard; name = Base; path = Base.lproj/LaunchScreen.storyboard; sourceTree = "<group>"; };
		959644442AAB4ADE006E4114 /* Info.plist */ = {isa = PBXFileReference; lastKnownFileType = text.plist.xml; path = Info.plist; sourceTree = "<group>"; };
		959644492AAB4ADE006E4114 /* MamaPapaMedicalRecordTests.xctest */ = {isa = PBXFileReference; explicitFileType = wrapper.cfbundle; includeInIndex = 0; path = MamaPapaMedicalRecordTests.xctest; sourceTree = BUILT_PRODUCTS_DIR; };
		9596444D2AAB4ADE006E4114 /* MamaPapaMedicalRecordTests.swift */ = {isa = PBXFileReference; lastKnownFileType = sourcecode.swift; path = MamaPapaMedicalRecordTests.swift; sourceTree = "<group>"; };
		959644532AAB4ADE006E4114 /* MamaPapaMedicalRecordUITests.xctest */ = {isa = PBXFileReference; explicitFileType = wrapper.cfbundle; includeInIndex = 0; path = MamaPapaMedicalRecordUITests.xctest; sourceTree = BUILT_PRODUCTS_DIR; };
		959644572AAB4ADE006E4114 /* MamaPapaMedicalRecordUITests.swift */ = {isa = PBXFileReference; lastKnownFileType = sourcecode.swift; path = MamaPapaMedicalRecordUITests.swift; sourceTree = "<group>"; };
		959644592AAB4ADE006E4114 /* MamaPapaMedicalRecordUITestsLaunchTests.swift */ = {isa = PBXFileReference; lastKnownFileType = sourcecode.swift; path = MamaPapaMedicalRecordUITestsLaunchTests.swift; sourceTree = "<group>"; };
		959644662AAB52D1006E4114 /* MainTabBarController.swift */ = {isa = PBXFileReference; lastKnownFileType = sourcecode.swift; path = MainTabBarController.swift; sourceTree = "<group>"; };
		959644682AAB52EC006E4114 /* CoverViewController.swift */ = {isa = PBXFileReference; lastKnownFileType = sourcecode.swift; path = CoverViewController.swift; sourceTree = "<group>"; };
		9596446A2AAB5301006E4114 /* MemoViewController.swift */ = {isa = PBXFileReference; lastKnownFileType = sourcecode.swift; path = MemoViewController.swift; sourceTree = "<group>"; };
		9596446C2AAB531C006E4114 /* RecordNotesListViewController.swift */ = {isa = PBXFileReference; lastKnownFileType = sourcecode.swift; path = RecordNotesListViewController.swift; sourceTree = "<group>"; };
		9596446E2AAB5335006E4114 /* MedicalExaminationViewController.swift */ = {isa = PBXFileReference; lastKnownFileType = sourcecode.swift; path = MedicalExaminationViewController.swift; sourceTree = "<group>"; };
		A9D748885987CF339C0FF184 /* Pods-MamaPapaMedicalRecord.debug.xcconfig */ = {isa = PBXFileReference; includeInIndex = 1; lastKnownFileType = text.xcconfig; name = "Pods-MamaPapaMedicalRecord.debug.xcconfig"; path = "Target Support Files/Pods-MamaPapaMedicalRecord/Pods-MamaPapaMedicalRecord.debug.xcconfig"; sourceTree = "<group>"; };
		B38262B75BDFE2692EC4A5AA /* Pods-MamaPapaMedicalRecordTests.debug.xcconfig */ = {isa = PBXFileReference; includeInIndex = 1; lastKnownFileType = text.xcconfig; name = "Pods-MamaPapaMedicalRecordTests.debug.xcconfig"; path = "Target Support Files/Pods-MamaPapaMedicalRecordTests/Pods-MamaPapaMedicalRecordTests.debug.xcconfig"; sourceTree = "<group>"; };
		DC8C44D3F430A177E8004C39 /* Pods-MamaPapaMedicalRecord-MamaPapaMedicalRecordUITests.release.xcconfig */ = {isa = PBXFileReference; includeInIndex = 1; lastKnownFileType = text.xcconfig; name = "Pods-MamaPapaMedicalRecord-MamaPapaMedicalRecordUITests.release.xcconfig"; path = "Target Support Files/Pods-MamaPapaMedicalRecord-MamaPapaMedicalRecordUITests/Pods-MamaPapaMedicalRecord-MamaPapaMedicalRecordUITests.release.xcconfig"; sourceTree = "<group>"; };
/* End PBXFileReference section */

/* Begin PBXFrameworksBuildPhase section */
		959644302AAB4ADE006E4114 /* Frameworks */ = {
			isa = PBXFrameworksBuildPhase;
			buildActionMask = 2147483647;
			files = (
				021F57A2501F4F4C15CE3FAD /* Pods_MamaPapaMedicalRecord.framework in Frameworks */,
			);
			runOnlyForDeploymentPostprocessing = 0;
		};
		959644462AAB4ADE006E4114 /* Frameworks */ = {
			isa = PBXFrameworksBuildPhase;
			buildActionMask = 2147483647;
			files = (
				EFCA7C573D0105158B74BEEB /* Pods_MamaPapaMedicalRecordTests.framework in Frameworks */,
			);
			runOnlyForDeploymentPostprocessing = 0;
		};
		959644502AAB4ADE006E4114 /* Frameworks */ = {
			isa = PBXFrameworksBuildPhase;
			buildActionMask = 2147483647;
			files = (
				3D434163AF6B6127B7F80F39 /* Pods_MamaPapaMedicalRecord_MamaPapaMedicalRecordUITests.framework in Frameworks */,
			);
			runOnlyForDeploymentPostprocessing = 0;
		};
/* End PBXFrameworksBuildPhase section */

/* Begin PBXGroup section */
		4947399A59681E4472F740BF /* Pods */ = {
			isa = PBXGroup;
			children = (
				A9D748885987CF339C0FF184 /* Pods-MamaPapaMedicalRecord.debug.xcconfig */,
				7BEE6CBE3421BE992C079995 /* Pods-MamaPapaMedicalRecord.release.xcconfig */,
				582E2FBCCFEC9C4FB7937D2D /* Pods-MamaPapaMedicalRecord-MamaPapaMedicalRecordUITests.debug.xcconfig */,
				DC8C44D3F430A177E8004C39 /* Pods-MamaPapaMedicalRecord-MamaPapaMedicalRecordUITests.release.xcconfig */,
				B38262B75BDFE2692EC4A5AA /* Pods-MamaPapaMedicalRecordTests.debug.xcconfig */,
				75A872DC78CD1504269BCCBD /* Pods-MamaPapaMedicalRecordTests.release.xcconfig */,
			);
			name = Pods;
			path = Pods;
			sourceTree = "<group>";
		};
		5A08E1FD0173280E43696FA7 /* Frameworks */ = {
			isa = PBXGroup;
			children = (
				0585F532280F72D34723CB4F /* Pods_MamaPapaMedicalRecord.framework */,
				0579501AD928B1AC13AED119 /* Pods_MamaPapaMedicalRecord_MamaPapaMedicalRecordUITests.framework */,
				0DA9E61FB5ACC3618B54C4C2 /* Pods_MamaPapaMedicalRecordTests.framework */,
			);
			name = Frameworks;
			sourceTree = "<group>";
		};
		9596442A2AAB4ADE006E4114 = {
			isa = PBXGroup;
			children = (
				959644352AAB4ADE006E4114 /* MamaPapaMedicalRecord */,
				9596444C2AAB4ADE006E4114 /* MamaPapaMedicalRecordTests */,
				959644562AAB4ADE006E4114 /* MamaPapaMedicalRecordUITests */,
				959644342AAB4ADE006E4114 /* Products */,
				4947399A59681E4472F740BF /* Pods */,
				5A08E1FD0173280E43696FA7 /* Frameworks */,
			);
			sourceTree = "<group>";
		};
		959644342AAB4ADE006E4114 /* Products */ = {
			isa = PBXGroup;
			children = (
				959644332AAB4ADE006E4114 /* MamaPapaMedicalRecord.app */,
				959644492AAB4ADE006E4114 /* MamaPapaMedicalRecordTests.xctest */,
				959644532AAB4ADE006E4114 /* MamaPapaMedicalRecordUITests.xctest */,
			);
			name = Products;
			sourceTree = "<group>";
		};
		959644352AAB4ADE006E4114 /* MamaPapaMedicalRecord */ = {
			isa = PBXGroup;
			children = (
				959644362AAB4ADE006E4114 /* AppDelegate.swift */,
				959644382AAB4ADE006E4114 /* SceneDelegate.swift */,
				9596443A2AAB4ADE006E4114 /* ViewController.swift */,
				9596443C2AAB4ADE006E4114 /* Main.storyboard */,
				9596443F2AAB4ADE006E4114 /* Assets.xcassets */,
				959644412AAB4ADE006E4114 /* LaunchScreen.storyboard */,
				959644442AAB4ADE006E4114 /* Info.plist */,
				959644662AAB52D1006E4114 /* MainTabBarController.swift */,
				959644682AAB52EC006E4114 /* CoverViewController.swift */,
				9596446A2AAB5301006E4114 /* MemoViewController.swift */,
				9596446C2AAB531C006E4114 /* RecordNotesListViewController.swift */,
				9596446E2AAB5335006E4114 /* MedicalExaminationViewController.swift */,
			);
			path = MamaPapaMedicalRecord;
			sourceTree = "<group>";
		};
		9596444C2AAB4ADE006E4114 /* MamaPapaMedicalRecordTests */ = {
			isa = PBXGroup;
			children = (
				9596444D2AAB4ADE006E4114 /* MamaPapaMedicalRecordTests.swift */,
			);
			path = MamaPapaMedicalRecordTests;
			sourceTree = "<group>";
		};
		959644562AAB4ADE006E4114 /* MamaPapaMedicalRecordUITests */ = {
			isa = PBXGroup;
			children = (
				959644572AAB4ADE006E4114 /* MamaPapaMedicalRecordUITests.swift */,
				959644592AAB4ADE006E4114 /* MamaPapaMedicalRecordUITestsLaunchTests.swift */,
			);
			path = MamaPapaMedicalRecordUITests;
			sourceTree = "<group>";
		};
/* End PBXGroup section */

/* Begin PBXNativeTarget section */
		959644322AAB4ADE006E4114 /* MamaPapaMedicalRecord */ = {
			isa = PBXNativeTarget;
			buildConfigurationList = 9596445D2AAB4ADE006E4114 /* Build configuration list for PBXNativeTarget "MamaPapaMedicalRecord" */;
			buildPhases = (
				F07293BBE6773CAA227A30C9 /* [CP] Check Pods Manifest.lock */,
				9596442F2AAB4ADE006E4114 /* Sources */,
				959644302AAB4ADE006E4114 /* Frameworks */,
				959644312AAB4ADE006E4114 /* Resources */,
				74A234BB2462A72A45591381 /* [CP] Embed Pods Frameworks */,
			);
			buildRules = (
			);
			dependencies = (
			);
			name = MamaPapaMedicalRecord;
			productName = MamaPapaMedicalRecord;
			productReference = 959644332AAB4ADE006E4114 /* MamaPapaMedicalRecord.app */;
			productType = "com.apple.product-type.application";
		};
		959644482AAB4ADE006E4114 /* MamaPapaMedicalRecordTests */ = {
			isa = PBXNativeTarget;
			buildConfigurationList = 959644602AAB4ADE006E4114 /* Build configuration list for PBXNativeTarget "MamaPapaMedicalRecordTests" */;
			buildPhases = (
				6B568A662A4A7A6BFAA74561 /* [CP] Check Pods Manifest.lock */,
				959644452AAB4ADE006E4114 /* Sources */,
				959644462AAB4ADE006E4114 /* Frameworks */,
				959644472AAB4ADE006E4114 /* Resources */,
			);
			buildRules = (
			);
			dependencies = (
				9596444B2AAB4ADE006E4114 /* PBXTargetDependency */,
			);
			name = MamaPapaMedicalRecordTests;
			productName = MamaPapaMedicalRecordTests;
			productReference = 959644492AAB4ADE006E4114 /* MamaPapaMedicalRecordTests.xctest */;
			productType = "com.apple.product-type.bundle.unit-test";
		};
		959644522AAB4ADE006E4114 /* MamaPapaMedicalRecordUITests */ = {
			isa = PBXNativeTarget;
			buildConfigurationList = 959644632AAB4ADE006E4114 /* Build configuration list for PBXNativeTarget "MamaPapaMedicalRecordUITests" */;
			buildPhases = (
				85E84F600EC0B3F9C41A6518 /* [CP] Check Pods Manifest.lock */,
				9596444F2AAB4ADE006E4114 /* Sources */,
				959644502AAB4ADE006E4114 /* Frameworks */,
				959644512AAB4ADE006E4114 /* Resources */,
				97C50B98D12EA018334378B6 /* [CP] Embed Pods Frameworks */,
			);
			buildRules = (
			);
			dependencies = (
				959644552AAB4ADE006E4114 /* PBXTargetDependency */,
			);
			name = MamaPapaMedicalRecordUITests;
			productName = MamaPapaMedicalRecordUITests;
			productReference = 959644532AAB4ADE006E4114 /* MamaPapaMedicalRecordUITests.xctest */;
			productType = "com.apple.product-type.bundle.ui-testing";
		};
/* End PBXNativeTarget section */

/* Begin PBXProject section */
		9596442B2AAB4ADE006E4114 /* Project object */ = {
			isa = PBXProject;
			attributes = {
				BuildIndependentTargetsInParallel = 1;
				LastSwiftUpdateCheck = 1430;
				LastUpgradeCheck = 1430;
				TargetAttributes = {
					959644322AAB4ADE006E4114 = {
						CreatedOnToolsVersion = 14.3.1;
					};
					959644482AAB4ADE006E4114 = {
						CreatedOnToolsVersion = 14.3.1;
						TestTargetID = 959644322AAB4ADE006E4114;
					};
					959644522AAB4ADE006E4114 = {
						CreatedOnToolsVersion = 14.3.1;
						TestTargetID = 959644322AAB4ADE006E4114;
					};
				};
			};
			buildConfigurationList = 9596442E2AAB4ADE006E4114 /* Build configuration list for PBXProject "MamaPapaMedicalRecord" */;
			compatibilityVersion = "Xcode 14.0";
			developmentRegion = en;
			hasScannedForEncodings = 0;
			knownRegions = (
				en,
				Base,
			);
			mainGroup = 9596442A2AAB4ADE006E4114;
			productRefGroup = 959644342AAB4ADE006E4114 /* Products */;
			projectDirPath = "";
			projectRoot = "";
			targets = (
				959644322AAB4ADE006E4114 /* MamaPapaMedicalRecord */,
				959644482AAB4ADE006E4114 /* MamaPapaMedicalRecordTests */,
				959644522AAB4ADE006E4114 /* MamaPapaMedicalRecordUITests */,
			);
		};
/* End PBXProject section */

/* Begin PBXResourcesBuildPhase section */
		959644312AAB4ADE006E4114 /* Resources */ = {
			isa = PBXResourcesBuildPhase;
			buildActionMask = 2147483647;
			files = (
				959644432AAB4ADE006E4114 /* LaunchScreen.storyboard in Resources */,
				959644402AAB4ADE006E4114 /* Assets.xcassets in Resources */,
				9596443E2AAB4ADE006E4114 /* Main.storyboard in Resources */,
			);
			runOnlyForDeploymentPostprocessing = 0;
		};
		959644472AAB4ADE006E4114 /* Resources */ = {
			isa = PBXResourcesBuildPhase;
			buildActionMask = 2147483647;
			files = (
			);
			runOnlyForDeploymentPostprocessing = 0;
		};
		959644512AAB4ADE006E4114 /* Resources */ = {
			isa = PBXResourcesBuildPhase;
			buildActionMask = 2147483647;
			files = (
			);
			runOnlyForDeploymentPostprocessing = 0;
		};
/* End PBXResourcesBuildPhase section */

/* Begin PBXShellScriptBuildPhase section */
		6B568A662A4A7A6BFAA74561 /* [CP] Check Pods Manifest.lock */ = {
			isa = PBXShellScriptBuildPhase;
			buildActionMask = 2147483647;
			files = (
			);
			inputFileListPaths = (
			);
			inputPaths = (
				"${PODS_PODFILE_DIR_PATH}/Podfile.lock",
				"${PODS_ROOT}/Manifest.lock",
			);
			name = "[CP] Check Pods Manifest.lock";
			outputFileListPaths = (
			);
			outputPaths = (
				"$(DERIVED_FILE_DIR)/Pods-MamaPapaMedicalRecordTests-checkManifestLockResult.txt",
			);
			runOnlyForDeploymentPostprocessing = 0;
			shellPath = /bin/sh;
			shellScript = "diff \"${PODS_PODFILE_DIR_PATH}/Podfile.lock\" \"${PODS_ROOT}/Manifest.lock\" > /dev/null\nif [ $? != 0 ] ; then\n    # print error to STDERR\n    echo \"error: The sandbox is not in sync with the Podfile.lock. Run 'pod install' or update your CocoaPods installation.\" >&2\n    exit 1\nfi\n# This output is used by Xcode 'outputs' to avoid re-running this script phase.\necho \"SUCCESS\" > \"${SCRIPT_OUTPUT_FILE_0}\"\n";
			showEnvVarsInLog = 0;
		};
		74A234BB2462A72A45591381 /* [CP] Embed Pods Frameworks */ = {
			isa = PBXShellScriptBuildPhase;
			buildActionMask = 2147483647;
			files = (
			);
			inputFileListPaths = (
				"${PODS_ROOT}/Target Support Files/Pods-MamaPapaMedicalRecord/Pods-MamaPapaMedicalRecord-frameworks-${CONFIGURATION}-input-files.xcfilelist",
			);
			name = "[CP] Embed Pods Frameworks";
			outputFileListPaths = (
				"${PODS_ROOT}/Target Support Files/Pods-MamaPapaMedicalRecord/Pods-MamaPapaMedicalRecord-frameworks-${CONFIGURATION}-output-files.xcfilelist",
			);
			runOnlyForDeploymentPostprocessing = 0;
			shellPath = /bin/sh;
			shellScript = "\"${PODS_ROOT}/Target Support Files/Pods-MamaPapaMedicalRecord/Pods-MamaPapaMedicalRecord-frameworks.sh\"\n";
			showEnvVarsInLog = 0;
		};
		85E84F600EC0B3F9C41A6518 /* [CP] Check Pods Manifest.lock */ = {
			isa = PBXShellScriptBuildPhase;
			buildActionMask = 2147483647;
			files = (
			);
			inputFileListPaths = (
			);
			inputPaths = (
				"${PODS_PODFILE_DIR_PATH}/Podfile.lock",
				"${PODS_ROOT}/Manifest.lock",
			);
			name = "[CP] Check Pods Manifest.lock";
			outputFileListPaths = (
			);
			outputPaths = (
				"$(DERIVED_FILE_DIR)/Pods-MamaPapaMedicalRecord-MamaPapaMedicalRecordUITests-checkManifestLockResult.txt",
			);
			runOnlyForDeploymentPostprocessing = 0;
			shellPath = /bin/sh;
			shellScript = "diff \"${PODS_PODFILE_DIR_PATH}/Podfile.lock\" \"${PODS_ROOT}/Manifest.lock\" > /dev/null\nif [ $? != 0 ] ; then\n    # print error to STDERR\n    echo \"error: The sandbox is not in sync with the Podfile.lock. Run 'pod install' or update your CocoaPods installation.\" >&2\n    exit 1\nfi\n# This output is used by Xcode 'outputs' to avoid re-running this script phase.\necho \"SUCCESS\" > \"${SCRIPT_OUTPUT_FILE_0}\"\n";
			showEnvVarsInLog = 0;
		};
		97C50B98D12EA018334378B6 /* [CP] Embed Pods Frameworks */ = {
			isa = PBXShellScriptBuildPhase;
			buildActionMask = 2147483647;
			files = (
			);
			inputFileListPaths = (
				"${PODS_ROOT}/Target Support Files/Pods-MamaPapaMedicalRecord-MamaPapaMedicalRecordUITests/Pods-MamaPapaMedicalRecord-MamaPapaMedicalRecordUITests-frameworks-${CONFIGURATION}-input-files.xcfilelist",
			);
			name = "[CP] Embed Pods Frameworks";
			outputFileListPaths = (
				"${PODS_ROOT}/Target Support Files/Pods-MamaPapaMedicalRecord-MamaPapaMedicalRecordUITests/Pods-MamaPapaMedicalRecord-MamaPapaMedicalRecordUITests-frameworks-${CONFIGURATION}-output-files.xcfilelist",
			);
			runOnlyForDeploymentPostprocessing = 0;
			shellPath = /bin/sh;
			shellScript = "\"${PODS_ROOT}/Target Support Files/Pods-MamaPapaMedicalRecord-MamaPapaMedicalRecordUITests/Pods-MamaPapaMedicalRecord-MamaPapaMedicalRecordUITests-frameworks.sh\"\n";
			showEnvVarsInLog = 0;
		};
		F07293BBE6773CAA227A30C9 /* [CP] Check Pods Manifest.lock */ = {
			isa = PBXShellScriptBuildPhase;
			buildActionMask = 2147483647;
			files = (
			);
			inputFileListPaths = (
			);
			inputPaths = (
				"${PODS_PODFILE_DIR_PATH}/Podfile.lock",
				"${PODS_ROOT}/Manifest.lock",
			);
			name = "[CP] Check Pods Manifest.lock";
			outputFileListPaths = (
			);
			outputPaths = (
				"$(DERIVED_FILE_DIR)/Pods-MamaPapaMedicalRecord-checkManifestLockResult.txt",
			);
			runOnlyForDeploymentPostprocessing = 0;
			shellPath = /bin/sh;
			shellScript = "diff \"${PODS_PODFILE_DIR_PATH}/Podfile.lock\" \"${PODS_ROOT}/Manifest.lock\" > /dev/null\nif [ $? != 0 ] ; then\n    # print error to STDERR\n    echo \"error: The sandbox is not in sync with the Podfile.lock. Run 'pod install' or update your CocoaPods installation.\" >&2\n    exit 1\nfi\n# This output is used by Xcode 'outputs' to avoid re-running this script phase.\necho \"SUCCESS\" > \"${SCRIPT_OUTPUT_FILE_0}\"\n";
			showEnvVarsInLog = 0;
		};
/* End PBXShellScriptBuildPhase section */

/* Begin PBXSourcesBuildPhase section */
		9596442F2AAB4ADE006E4114 /* Sources */ = {
			isa = PBXSourcesBuildPhase;
			buildActionMask = 2147483647;
			files = (
				9596443B2AAB4ADE006E4114 /* ViewController.swift in Sources */,
				959644372AAB4ADE006E4114 /* AppDelegate.swift in Sources */,
				9596446B2AAB5301006E4114 /* MemoViewController.swift in Sources */,
				959644692AAB52EC006E4114 /* CoverViewController.swift in Sources */,
				9596446F2AAB5335006E4114 /* MedicalExaminationViewController.swift in Sources */,
				9596446D2AAB531C006E4114 /* RecordNotesListViewController.swift in Sources */,
				959644672AAB52D1006E4114 /* MainTabBarController.swift in Sources */,
				959644392AAB4ADE006E4114 /* SceneDelegate.swift in Sources */,
			);
			runOnlyForDeploymentPostprocessing = 0;
		};
		959644452AAB4ADE006E4114 /* Sources */ = {
			isa = PBXSourcesBuildPhase;
			buildActionMask = 2147483647;
			files = (
				9596444E2AAB4ADE006E4114 /* MamaPapaMedicalRecordTests.swift in Sources */,
			);
			runOnlyForDeploymentPostprocessing = 0;
		};
		9596444F2AAB4ADE006E4114 /* Sources */ = {
			isa = PBXSourcesBuildPhase;
			buildActionMask = 2147483647;
			files = (
				959644582AAB4ADE006E4114 /* MamaPapaMedicalRecordUITests.swift in Sources */,
				9596445A2AAB4ADE006E4114 /* MamaPapaMedicalRecordUITestsLaunchTests.swift in Sources */,
			);
			runOnlyForDeploymentPostprocessing = 0;
		};
/* End PBXSourcesBuildPhase section */

/* Begin PBXTargetDependency section */
		9596444B2AAB4ADE006E4114 /* PBXTargetDependency */ = {
			isa = PBXTargetDependency;
			target = 959644322AAB4ADE006E4114 /* MamaPapaMedicalRecord */;
			targetProxy = 9596444A2AAB4ADE006E4114 /* PBXContainerItemProxy */;
		};
		959644552AAB4ADE006E4114 /* PBXTargetDependency */ = {
			isa = PBXTargetDependency;
			target = 959644322AAB4ADE006E4114 /* MamaPapaMedicalRecord */;
			targetProxy = 959644542AAB4ADE006E4114 /* PBXContainerItemProxy */;
		};
/* End PBXTargetDependency section */

/* Begin PBXVariantGroup section */
		9596443C2AAB4ADE006E4114 /* Main.storyboard */ = {
			isa = PBXVariantGroup;
			children = (
				9596443D2AAB4ADE006E4114 /* Base */,
			);
			name = Main.storyboard;
			sourceTree = "<group>";
		};
		959644412AAB4ADE006E4114 /* LaunchScreen.storyboard */ = {
			isa = PBXVariantGroup;
			children = (
				959644422AAB4ADE006E4114 /* Base */,
			);
			name = LaunchScreen.storyboard;
			sourceTree = "<group>";
		};
/* End PBXVariantGroup section */

/* Begin XCBuildConfiguration section */
		9596445B2AAB4ADE006E4114 /* Debug */ = {
			isa = XCBuildConfiguration;
			buildSettings = {
				ALWAYS_SEARCH_USER_PATHS = NO;
				CLANG_ANALYZER_NONNULL = YES;
				CLANG_ANALYZER_NUMBER_OBJECT_CONVERSION = YES_AGGRESSIVE;
				CLANG_CXX_LANGUAGE_STANDARD = "gnu++20";
				CLANG_ENABLE_MODULES = YES;
				CLANG_ENABLE_OBJC_ARC = YES;
				CLANG_ENABLE_OBJC_WEAK = YES;
				CLANG_WARN_BLOCK_CAPTURE_AUTORELEASING = YES;
				CLANG_WARN_BOOL_CONVERSION = YES;
				CLANG_WARN_COMMA = YES;
				CLANG_WARN_CONSTANT_CONVERSION = YES;
				CLANG_WARN_DEPRECATED_OBJC_IMPLEMENTATIONS = YES;
				CLANG_WARN_DIRECT_OBJC_ISA_USAGE = YES_ERROR;
				CLANG_WARN_DOCUMENTATION_COMMENTS = YES;
				CLANG_WARN_EMPTY_BODY = YES;
				CLANG_WARN_ENUM_CONVERSION = YES;
				CLANG_WARN_INFINITE_RECURSION = YES;
				CLANG_WARN_INT_CONVERSION = YES;
				CLANG_WARN_NON_LITERAL_NULL_CONVERSION = YES;
				CLANG_WARN_OBJC_IMPLICIT_RETAIN_SELF = YES;
				CLANG_WARN_OBJC_LITERAL_CONVERSION = YES;
				CLANG_WARN_OBJC_ROOT_CLASS = YES_ERROR;
				CLANG_WARN_QUOTED_INCLUDE_IN_FRAMEWORK_HEADER = YES;
				CLANG_WARN_RANGE_LOOP_ANALYSIS = YES;
				CLANG_WARN_STRICT_PROTOTYPES = YES;
				CLANG_WARN_SUSPICIOUS_MOVE = YES;
				CLANG_WARN_UNGUARDED_AVAILABILITY = YES_AGGRESSIVE;
				CLANG_WARN_UNREACHABLE_CODE = YES;
				CLANG_WARN__DUPLICATE_METHOD_MATCH = YES;
				COPY_PHASE_STRIP = NO;
				DEBUG_INFORMATION_FORMAT = dwarf;
				ENABLE_STRICT_OBJC_MSGSEND = YES;
				ENABLE_TESTABILITY = YES;
				GCC_C_LANGUAGE_STANDARD = gnu11;
				GCC_DYNAMIC_NO_PIC = NO;
				GCC_NO_COMMON_BLOCKS = YES;
				GCC_OPTIMIZATION_LEVEL = 0;
				GCC_PREPROCESSOR_DEFINITIONS = (
					"DEBUG=1",
					"$(inherited)",
				);
				GCC_WARN_64_TO_32_BIT_CONVERSION = YES;
				GCC_WARN_ABOUT_RETURN_TYPE = YES_ERROR;
				GCC_WARN_UNDECLARED_SELECTOR = YES;
				GCC_WARN_UNINITIALIZED_AUTOS = YES_AGGRESSIVE;
				GCC_WARN_UNUSED_FUNCTION = YES;
				GCC_WARN_UNUSED_VARIABLE = YES;
				IPHONEOS_DEPLOYMENT_TARGET = 16.4;
				MTL_ENABLE_DEBUG_INFO = INCLUDE_SOURCE;
				MTL_FAST_MATH = YES;
				ONLY_ACTIVE_ARCH = YES;
				SDKROOT = iphoneos;
				SWIFT_ACTIVE_COMPILATION_CONDITIONS = DEBUG;
				SWIFT_OPTIMIZATION_LEVEL = "-Onone";
			};
			name = Debug;
		};
		9596445C2AAB4ADE006E4114 /* Release */ = {
			isa = XCBuildConfiguration;
			buildSettings = {
				ALWAYS_SEARCH_USER_PATHS = NO;
				CLANG_ANALYZER_NONNULL = YES;
				CLANG_ANALYZER_NUMBER_OBJECT_CONVERSION = YES_AGGRESSIVE;
				CLANG_CXX_LANGUAGE_STANDARD = "gnu++20";
				CLANG_ENABLE_MODULES = YES;
				CLANG_ENABLE_OBJC_ARC = YES;
				CLANG_ENABLE_OBJC_WEAK = YES;
				CLANG_WARN_BLOCK_CAPTURE_AUTORELEASING = YES;
				CLANG_WARN_BOOL_CONVERSION = YES;
				CLANG_WARN_COMMA = YES;
				CLANG_WARN_CONSTANT_CONVERSION = YES;
				CLANG_WARN_DEPRECATED_OBJC_IMPLEMENTATIONS = YES;
				CLANG_WARN_DIRECT_OBJC_ISA_USAGE = YES_ERROR;
				CLANG_WARN_DOCUMENTATION_COMMENTS = YES;
				CLANG_WARN_EMPTY_BODY = YES;
				CLANG_WARN_ENUM_CONVERSION = YES;
				CLANG_WARN_INFINITE_RECURSION = YES;
				CLANG_WARN_INT_CONVERSION = YES;
				CLANG_WARN_NON_LITERAL_NULL_CONVERSION = YES;
				CLANG_WARN_OBJC_IMPLICIT_RETAIN_SELF = YES;
				CLANG_WARN_OBJC_LITERAL_CONVERSION = YES;
				CLANG_WARN_OBJC_ROOT_CLASS = YES_ERROR;
				CLANG_WARN_QUOTED_INCLUDE_IN_FRAMEWORK_HEADER = YES;
				CLANG_WARN_RANGE_LOOP_ANALYSIS = YES;
				CLANG_WARN_STRICT_PROTOTYPES = YES;
				CLANG_WARN_SUSPICIOUS_MOVE = YES;
				CLANG_WARN_UNGUARDED_AVAILABILITY = YES_AGGRESSIVE;
				CLANG_WARN_UNREACHABLE_CODE = YES;
				CLANG_WARN__DUPLICATE_METHOD_MATCH = YES;
				COPY_PHASE_STRIP = NO;
				DEBUG_INFORMATION_FORMAT = "dwarf-with-dsym";
				ENABLE_NS_ASSERTIONS = NO;
				ENABLE_STRICT_OBJC_MSGSEND = YES;
				GCC_C_LANGUAGE_STANDARD = gnu11;
				GCC_NO_COMMON_BLOCKS = YES;
				GCC_WARN_64_TO_32_BIT_CONVERSION = YES;
				GCC_WARN_ABOUT_RETURN_TYPE = YES_ERROR;
				GCC_WARN_UNDECLARED_SELECTOR = YES;
				GCC_WARN_UNINITIALIZED_AUTOS = YES_AGGRESSIVE;
				GCC_WARN_UNUSED_FUNCTION = YES;
				GCC_WARN_UNUSED_VARIABLE = YES;
				IPHONEOS_DEPLOYMENT_TARGET = 16.4;
				MTL_ENABLE_DEBUG_INFO = NO;
				MTL_FAST_MATH = YES;
				SDKROOT = iphoneos;
				SWIFT_COMPILATION_MODE = wholemodule;
				SWIFT_OPTIMIZATION_LEVEL = "-O";
				VALIDATE_PRODUCT = YES;
			};
			name = Release;
		};
		9596445E2AAB4ADE006E4114 /* Debug */ = {
			isa = XCBuildConfiguration;
			baseConfigurationReference = A9D748885987CF339C0FF184 /* Pods-MamaPapaMedicalRecord.debug.xcconfig */;
			buildSettings = {
				ASSETCATALOG_COMPILER_APPICON_NAME = AppIcon;
				ASSETCATALOG_COMPILER_GLOBAL_ACCENT_COLOR_NAME = AccentColor;
				CODE_SIGN_STYLE = Automatic;
				CURRENT_PROJECT_VERSION = 1;
				DEVELOPMENT_TEAM = 57PT3R2QQF;
				GENERATE_INFOPLIST_FILE = YES;
				INFOPLIST_FILE = MamaPapaMedicalRecord/Info.plist;
				INFOPLIST_KEY_UIApplicationSupportsIndirectInputEvents = YES;
				INFOPLIST_KEY_UILaunchStoryboardName = LaunchScreen;
				INFOPLIST_KEY_UIMainStoryboardFile = Main;
				INFOPLIST_KEY_UISupportedInterfaceOrientations_iPad = "UIInterfaceOrientationPortrait UIInterfaceOrientationPortraitUpsideDown UIInterfaceOrientationLandscapeLeft UIInterfaceOrientationLandscapeRight";
				INFOPLIST_KEY_UISupportedInterfaceOrientations_iPhone = "UIInterfaceOrientationPortrait UIInterfaceOrientationLandscapeLeft UIInterfaceOrientationLandscapeRight";
				LD_RUNPATH_SEARCH_PATHS = (
					"$(inherited)",
					"@executable_path/Frameworks",
				);
				MARKETING_VERSION = 1.0;
				PRODUCT_BUNDLE_IDENTIFIER = com.kikuchihara.MamaPapaMedicalRecord;
				PRODUCT_NAME = "$(TARGET_NAME)";
				SWIFT_EMIT_LOC_STRINGS = YES;
				SWIFT_VERSION = 5.0;
				TARGETED_DEVICE_FAMILY = "1,2";
			};
			name = Debug;
		};
		9596445F2AAB4ADE006E4114 /* Release */ = {
			isa = XCBuildConfiguration;
			baseConfigurationReference = 7BEE6CBE3421BE992C079995 /* Pods-MamaPapaMedicalRecord.release.xcconfig */;
			buildSettings = {
				ASSETCATALOG_COMPILER_APPICON_NAME = AppIcon;
				ASSETCATALOG_COMPILER_GLOBAL_ACCENT_COLOR_NAME = AccentColor;
				CODE_SIGN_STYLE = Automatic;
				CURRENT_PROJECT_VERSION = 1;
				DEVELOPMENT_TEAM = 57PT3R2QQF;
				GENERATE_INFOPLIST_FILE = YES;
				INFOPLIST_FILE = MamaPapaMedicalRecord/Info.plist;
				INFOPLIST_KEY_UIApplicationSupportsIndirectInputEvents = YES;
				INFOPLIST_KEY_UILaunchStoryboardName = LaunchScreen;
				INFOPLIST_KEY_UIMainStoryboardFile = Main;
				INFOPLIST_KEY_UISupportedInterfaceOrientations_iPad = "UIInterfaceOrientationPortrait UIInterfaceOrientationPortraitUpsideDown UIInterfaceOrientationLandscapeLeft UIInterfaceOrientationLandscapeRight";
				INFOPLIST_KEY_UISupportedInterfaceOrientations_iPhone = "UIInterfaceOrientationPortrait UIInterfaceOrientationLandscapeLeft UIInterfaceOrientationLandscapeRight";
				LD_RUNPATH_SEARCH_PATHS = (
					"$(inherited)",
					"@executable_path/Frameworks",
				);
				MARKETING_VERSION = 1.0;
				PRODUCT_BUNDLE_IDENTIFIER = com.kikuchihara.MamaPapaMedicalRecord;
				PRODUCT_NAME = "$(TARGET_NAME)";
				SWIFT_EMIT_LOC_STRINGS = YES;
				SWIFT_VERSION = 5.0;
				TARGETED_DEVICE_FAMILY = "1,2";
			};
			name = Release;
		};
		959644612AAB4ADE006E4114 /* Debug */ = {
			isa = XCBuildConfiguration;
			baseConfigurationReference = B38262B75BDFE2692EC4A5AA /* Pods-MamaPapaMedicalRecordTests.debug.xcconfig */;
			buildSettings = {
				ALWAYS_EMBED_SWIFT_STANDARD_LIBRARIES = YES;
				BUNDLE_LOADER = "$(TEST_HOST)";
				CODE_SIGN_STYLE = Automatic;
				CURRENT_PROJECT_VERSION = 1;
				DEVELOPMENT_TEAM = 57PT3R2QQF;
				GENERATE_INFOPLIST_FILE = YES;
				IPHONEOS_DEPLOYMENT_TARGET = 16.4;
				MARKETING_VERSION = 1.0;
				PRODUCT_BUNDLE_IDENTIFIER = com.kikuchihara.MamaPapaMedicalRecordTests;
				PRODUCT_NAME = "$(TARGET_NAME)";
				SWIFT_EMIT_LOC_STRINGS = NO;
				SWIFT_VERSION = 5.0;
				TARGETED_DEVICE_FAMILY = "1,2";
				TEST_HOST = "$(BUILT_PRODUCTS_DIR)/MamaPapaMedicalRecord.app/$(BUNDLE_EXECUTABLE_FOLDER_PATH)/MamaPapaMedicalRecord";
			};
			name = Debug;
		};
		959644622AAB4ADE006E4114 /* Release */ = {
			isa = XCBuildConfiguration;
			baseConfigurationReference = 75A872DC78CD1504269BCCBD /* Pods-MamaPapaMedicalRecordTests.release.xcconfig */;
			buildSettings = {
				ALWAYS_EMBED_SWIFT_STANDARD_LIBRARIES = YES;
				BUNDLE_LOADER = "$(TEST_HOST)";
				CODE_SIGN_STYLE = Automatic;
				CURRENT_PROJECT_VERSION = 1;
				DEVELOPMENT_TEAM = 57PT3R2QQF;
				GENERATE_INFOPLIST_FILE = YES;
				IPHONEOS_DEPLOYMENT_TARGET = 16.4;
				MARKETING_VERSION = 1.0;
				PRODUCT_BUNDLE_IDENTIFIER = com.kikuchihara.MamaPapaMedicalRecordTests;
				PRODUCT_NAME = "$(TARGET_NAME)";
				SWIFT_EMIT_LOC_STRINGS = NO;
				SWIFT_VERSION = 5.0;
				TARGETED_DEVICE_FAMILY = "1,2";
				TEST_HOST = "$(BUILT_PRODUCTS_DIR)/MamaPapaMedicalRecord.app/$(BUNDLE_EXECUTABLE_FOLDER_PATH)/MamaPapaMedicalRecord";
			};
			name = Release;
		};
		959644642AAB4ADE006E4114 /* Debug */ = {
			isa = XCBuildConfiguration;
			baseConfigurationReference = 582E2FBCCFEC9C4FB7937D2D /* Pods-MamaPapaMedicalRecord-MamaPapaMedicalRecordUITests.debug.xcconfig */;
			buildSettings = {
				ALWAYS_EMBED_SWIFT_STANDARD_LIBRARIES = YES;
				CODE_SIGN_STYLE = Automatic;
				CURRENT_PROJECT_VERSION = 1;
				DEVELOPMENT_TEAM = 57PT3R2QQF;
				GENERATE_INFOPLIST_FILE = YES;
				MARKETING_VERSION = 1.0;
				PRODUCT_BUNDLE_IDENTIFIER = com.kikuchihara.MamaPapaMedicalRecordUITests;
				PRODUCT_NAME = "$(TARGET_NAME)";
				SWIFT_EMIT_LOC_STRINGS = NO;
				SWIFT_VERSION = 5.0;
				TARGETED_DEVICE_FAMILY = "1,2";
				TEST_TARGET_NAME = MamaPapaMedicalRecord;
			};
			name = Debug;
		};
		959644652AAB4ADE006E4114 /* Release */ = {
			isa = XCBuildConfiguration;
			baseConfigurationReference = DC8C44D3F430A177E8004C39 /* Pods-MamaPapaMedicalRecord-MamaPapaMedicalRecordUITests.release.xcconfig */;
			buildSettings = {
				ALWAYS_EMBED_SWIFT_STANDARD_LIBRARIES = YES;
				CODE_SIGN_STYLE = Automatic;
				CURRENT_PROJECT_VERSION = 1;
				DEVELOPMENT_TEAM = 57PT3R2QQF;
				GENERATE_INFOPLIST_FILE = YES;
				MARKETING_VERSION = 1.0;
				PRODUCT_BUNDLE_IDENTIFIER = com.kikuchihara.MamaPapaMedicalRecordUITests;
				PRODUCT_NAME = "$(TARGET_NAME)";
				SWIFT_EMIT_LOC_STRINGS = NO;
				SWIFT_VERSION = 5.0;
				TARGETED_DEVICE_FAMILY = "1,2";
				TEST_TARGET_NAME = MamaPapaMedicalRecord;
			};
			name = Release;
		};
/* End XCBuildConfiguration section */

/* Begin XCConfigurationList section */
		9596442E2AAB4ADE006E4114 /* Build configuration list for PBXProject "MamaPapaMedicalRecord" */ = {
			isa = XCConfigurationList;
			buildConfigurations = (
				9596445B2AAB4ADE006E4114 /* Debug */,
				9596445C2AAB4ADE006E4114 /* Release */,
			);
			defaultConfigurationIsVisible = 0;
			defaultConfigurationName = Release;
		};
		9596445D2AAB4ADE006E4114 /* Build configuration list for PBXNativeTarget "MamaPapaMedicalRecord" */ = {
			isa = XCConfigurationList;
			buildConfigurations = (
				9596445E2AAB4ADE006E4114 /* Debug */,
				9596445F2AAB4ADE006E4114 /* Release */,
			);
			defaultConfigurationIsVisible = 0;
			defaultConfigurationName = Release;
		};
		959644602AAB4ADE006E4114 /* Build configuration list for PBXNativeTarget "MamaPapaMedicalRecordTests" */ = {
			isa = XCConfigurationList;
			buildConfigurations = (
				959644612AAB4ADE006E4114 /* Debug */,
				959644622AAB4ADE006E4114 /* Release */,
			);
			defaultConfigurationIsVisible = 0;
			defaultConfigurationName = Release;
		};
		959644632AAB4ADE006E4114 /* Build configuration list for PBXNativeTarget "MamaPapaMedicalRecordUITests" */ = {
			isa = XCConfigurationList;
			buildConfigurations = (
				959644642AAB4ADE006E4114 /* Debug */,
				959644652AAB4ADE006E4114 /* Release */,
			);
			defaultConfigurationIsVisible = 0;
			defaultConfigurationName = Release;
		};
/* End XCConfigurationList section */
	};
	rootObject = 9596442B2AAB4ADE006E4114 /* Project object */;
}
