// !$*UTF8*$!
{
	archiveVersion = 1;
	classes = {
	};
	objectVersion = 56;
	objects = {

/* Begin PBXBuildFile section */
		021F57A2501F4F4C15CE3FAD /* Pods_MamaPapaMedicalRecord.framework in Frameworks */ = {isa = PBXBuildFile; fileRef = 0585F532280F72D34723CB4F /* Pods_MamaPapaMedicalRecord.framework */; };
		3D434163AF6B6127B7F80F39 /* Pods_MamaPapaMedicalRecord_MamaPapaMedicalRecordUITests.framework in Frameworks */ = {isa = PBXBuildFile; fileRef = 0579501AD928B1AC13AED119 /* Pods_MamaPapaMedicalRecord_MamaPapaMedicalRecordUITests.framework */; };
		8BC3EC5B2AC1CE4C0023BAB6 /* GoogleService-Info.plist in Resources */ = {isa = PBXBuildFile; fileRef = 8BC3EC5A2AC1CE4C0023BAB6 /* GoogleService-Info.plist */; };
		8BC3EC5E2AC1F14F0023BAB6 /* FamilyInputViewController.swift in Sources */ = {isa = PBXBuildFile; fileRef = 8BC3EC5C2AC1F14F0023BAB6 /* FamilyInputViewController.swift */; };
		8BC3EC5F2AC1F14F0023BAB6 /* FamilyInputViewController.xib in Resources */ = {isa = PBXBuildFile; fileRef = 8BC3EC5D2AC1F14F0023BAB6 /* FamilyInputViewController.xib */; };
		8BC3EC642AC31B8F0023BAB6 /* DatePickerViewController.swift in Sources */ = {isa = PBXBuildFile; fileRef = 8BC3EC622AC31B8F0023BAB6 /* DatePickerViewController.swift */; };
		8BC3EC652AC31B8F0023BAB6 /* DatePickerViewController.xib in Resources */ = {isa = PBXBuildFile; fileRef = 8BC3EC632AC31B8F0023BAB6 /* DatePickerViewController.xib */; };
		8BC3EC682AC334FF0023BAB6 /* CommonPickerViewController.swift in Sources */ = {isa = PBXBuildFile; fileRef = 8BC3EC662AC334FF0023BAB6 /* CommonPickerViewController.swift */; };
		8BC3EC692AC334FF0023BAB6 /* CommonPickerViewController.xib in Resources */ = {isa = PBXBuildFile; fileRef = 8BC3EC672AC334FF0023BAB6 /* CommonPickerViewController.xib */; };
		8BF4E2162ACDFA1300D30650 /* Vomiting.swift in Sources */ = {isa = PBXBuildFile; fileRef = 8BF4E2152ACDFA1300D30650 /* Vomiting.swift */; };
		8BF4E2182ACDFFF800D30650 /* FirebaseService.swift in Sources */ = {isa = PBXBuildFile; fileRef = 8BF4E2172ACDFFF800D30650 /* FirebaseService.swift */; };
		950B46202AC151640085C4A6 /* FeverViewController.swift in Sources */ = {isa = PBXBuildFile; fileRef = 950B461E2AC151640085C4A6 /* FeverViewController.swift */; };
		950B46212AC151640085C4A6 /* FeverViewController.xib in Resources */ = {isa = PBXBuildFile; fileRef = 950B461F2AC151640085C4A6 /* FeverViewController.xib */; };
		950B46242AC151A30085C4A6 /* DiarrheaViewController.swift in Sources */ = {isa = PBXBuildFile; fileRef = 950B46222AC151A30085C4A6 /* DiarrheaViewController.swift */; };
		950B46252AC151A30085C4A6 /* DiarrheaViewController.xib in Resources */ = {isa = PBXBuildFile; fileRef = 950B46232AC151A30085C4A6 /* DiarrheaViewController.xib */; };
		950B46282AC151C50085C4A6 /* VomitingViewController.swift in Sources */ = {isa = PBXBuildFile; fileRef = 950B46262AC151C50085C4A6 /* VomitingViewController.swift */; };
		950B46292AC151C50085C4A6 /* VomitingViewController.xib in Resources */ = {isa = PBXBuildFile; fileRef = 950B46272AC151C50085C4A6 /* VomitingViewController.xib */; };
		950B462C2AC151E80085C4A6 /* ConvulsionsViewController.swift in Sources */ = {isa = PBXBuildFile; fileRef = 950B462A2AC151E80085C4A6 /* ConvulsionsViewController.swift */; };
		950B462D2AC151E80085C4A6 /* ConvulsionsViewController.xib in Resources */ = {isa = PBXBuildFile; fileRef = 950B462B2AC151E80085C4A6 /* ConvulsionsViewController.xib */; };
		950B46302AC152070085C4A6 /* RashViewController.swift in Sources */ = {isa = PBXBuildFile; fileRef = 950B462E2AC152070085C4A6 /* RashViewController.swift */; };
		950B46312AC152070085C4A6 /* RashViewController.xib in Resources */ = {isa = PBXBuildFile; fileRef = 950B462F2AC152070085C4A6 /* RashViewController.xib */; };
		950B46342AC152160085C4A6 /* OtherViewController.swift in Sources */ = {isa = PBXBuildFile; fileRef = 950B46322AC152160085C4A6 /* OtherViewController.swift */; };
		950B46352AC152160085C4A6 /* OtherViewController.xib in Resources */ = {isa = PBXBuildFile; fileRef = 950B46332AC152160085C4A6 /* OtherViewController.xib */; };
		950B46382AC152660085C4A6 /* RecordDetailViewController.swift in Sources */ = {isa = PBXBuildFile; fileRef = 950B46362AC152660085C4A6 /* RecordDetailViewController.swift */; };
		950B46392AC152660085C4A6 /* RecordDetailViewController.xib in Resources */ = {isa = PBXBuildFile; fileRef = 950B46372AC152660085C4A6 /* RecordDetailViewController.xib */; };
		953ECA5A2ABAC30F00649D20 /* FamilySettingDataModel.swift in Sources */ = {isa = PBXBuildFile; fileRef = 953ECA592ABAC30F00649D20 /* FamilySettingDataModel.swift */; };
		953ECA5F2ABC35F000649D20 /* FirebaseAuth in Frameworks */ = {isa = PBXBuildFile; productRef = 953ECA5E2ABC35F000649D20 /* FirebaseAuth */; };
		953ECA612ABC35F000649D20 /* FirebaseFirestore in Frameworks */ = {isa = PBXBuildFile; productRef = 953ECA602ABC35F000649D20 /* FirebaseFirestore */; };
		953ECA632ABC35F000649D20 /* FirebaseStorage in Frameworks */ = {isa = PBXBuildFile; productRef = 953ECA622ABC35F000649D20 /* FirebaseStorage */; };
		955E16AE2AB7CEA900EF91C2 /* FamilySettingViewController.swift in Sources */ = {isa = PBXBuildFile; fileRef = 955E16AC2AB7CEA900EF91C2 /* FamilySettingViewController.swift */; };
		955E16AF2AB7CEA900EF91C2 /* FamilySettingViewController.xib in Resources */ = {isa = PBXBuildFile; fileRef = 955E16AD2AB7CEA900EF91C2 /* FamilySettingViewController.xib */; };
		955E16B62AB91AC000EF91C2 /* ListTableViewCell.swift in Sources */ = {isa = PBXBuildFile; fileRef = 955E16B42AB91AC000EF91C2 /* ListTableViewCell.swift */; };
		955E16B72AB91AC000EF91C2 /* ListTableViewCell.xib in Resources */ = {isa = PBXBuildFile; fileRef = 955E16B52AB91AC000EF91C2 /* ListTableViewCell.xib */; };
		955E16BA2AB91F9C00EF91C2 /* AddListTableViewCell.swift in Sources */ = {isa = PBXBuildFile; fileRef = 955E16B82AB91F9C00EF91C2 /* AddListTableViewCell.swift */; };
		955E16BB2AB91F9C00EF91C2 /* AddListTableViewCell.xib in Resources */ = {isa = PBXBuildFile; fileRef = 955E16B92AB91F9C00EF91C2 /* AddListTableViewCell.xib */; };
		959644372AAB4ADE006E4114 /* AppDelegate.swift in Sources */ = {isa = PBXBuildFile; fileRef = 959644362AAB4ADE006E4114 /* AppDelegate.swift */; };
		959644392AAB4ADE006E4114 /* SceneDelegate.swift in Sources */ = {isa = PBXBuildFile; fileRef = 959644382AAB4ADE006E4114 /* SceneDelegate.swift */; };
		9596443E2AAB4ADE006E4114 /* Main.storyboard in Resources */ = {isa = PBXBuildFile; fileRef = 9596443C2AAB4ADE006E4114 /* Main.storyboard */; };
		959644402AAB4ADE006E4114 /* Assets.xcassets in Resources */ = {isa = PBXBuildFile; fileRef = 9596443F2AAB4ADE006E4114 /* Assets.xcassets */; };
		959644432AAB4ADE006E4114 /* LaunchScreen.storyboard in Resources */ = {isa = PBXBuildFile; fileRef = 959644412AAB4ADE006E4114 /* LaunchScreen.storyboard */; };
		9596444E2AAB4ADE006E4114 /* MamaPapaMedicalRecordTests.swift in Sources */ = {isa = PBXBuildFile; fileRef = 9596444D2AAB4ADE006E4114 /* MamaPapaMedicalRecordTests.swift */; };
		959644582AAB4ADE006E4114 /* MamaPapaMedicalRecordUITests.swift in Sources */ = {isa = PBXBuildFile; fileRef = 959644572AAB4ADE006E4114 /* MamaPapaMedicalRecordUITests.swift */; };
		9596445A2AAB4ADE006E4114 /* MamaPapaMedicalRecordUITestsLaunchTests.swift in Sources */ = {isa = PBXBuildFile; fileRef = 959644592AAB4ADE006E4114 /* MamaPapaMedicalRecordUITestsLaunchTests.swift */; };
		959644672AAB52D1006E4114 /* MainTabBarController.swift in Sources */ = {isa = PBXBuildFile; fileRef = 959644662AAB52D1006E4114 /* MainTabBarController.swift */; };
		959644692AAB52EC006E4114 /* CoverViewController.swift in Sources */ = {isa = PBXBuildFile; fileRef = 959644682AAB52EC006E4114 /* CoverViewController.swift */; };
		9596446B2AAB5301006E4114 /* MemoViewController.swift in Sources */ = {isa = PBXBuildFile; fileRef = 9596446A2AAB5301006E4114 /* MemoViewController.swift */; };
		9596446D2AAB531C006E4114 /* RecordNotesListViewController.swift in Sources */ = {isa = PBXBuildFile; fileRef = 9596446C2AAB531C006E4114 /* RecordNotesListViewController.swift */; };
		9596446F2AAB5335006E4114 /* MedicalExaminationViewController.swift in Sources */ = {isa = PBXBuildFile; fileRef = 9596446E2AAB5335006E4114 /* MedicalExaminationViewController.swift */; };
		959644722AB1A124006E4114 /* CoverTableViewCell.swift in Sources */ = {isa = PBXBuildFile; fileRef = 959644702AB1A124006E4114 /* CoverTableViewCell.swift */; };
		959644732AB1A124006E4114 /* CoverTableViewCell.xib in Resources */ = {isa = PBXBuildFile; fileRef = 959644712AB1A124006E4114 /* CoverTableViewCell.xib */; };
		959644752AB28B44006E4114 /* MemoDataModel.swift in Sources */ = {isa = PBXBuildFile; fileRef = 959644742AB28B44006E4114 /* MemoDataModel.swift */; };
		95DA1DEF2ABE639E0090B64C /* CustomButton.swift in Sources */ = {isa = PBXBuildFile; fileRef = 95DA1DEE2ABE639E0090B64C /* CustomButton.swift */; };
		EFCA7C573D0105158B74BEEB /* Pods_MamaPapaMedicalRecordTests.framework in Frameworks */ = {isa = PBXBuildFile; fileRef = 0DA9E61FB5ACC3618B54C4C2 /* Pods_MamaPapaMedicalRecordTests.framework */; };
/* End PBXBuildFile section */

/* Begin PBXContainerItemProxy section */
		9596444A2AAB4ADE006E4114 /* PBXContainerItemProxy */ = {
			isa = PBXContainerItemProxy;
			containerPortal = 9596442B2AAB4ADE006E4114 /* Project object */;
			proxyType = 1;
			remoteGlobalIDString = 959644322AAB4ADE006E4114;
			remoteInfo = MamaPapaMedicalRecord;
		};
		959644542AAB4ADE006E4114 /* PBXContainerItemProxy */ = {
			isa = PBXContainerItemProxy;
			containerPortal = 9596442B2AAB4ADE006E4114 /* Project object */;
			proxyType = 1;
			remoteGlobalIDString = 959644322AAB4ADE006E4114;
			remoteInfo = MamaPapaMedicalRecord;
		};
/* End PBXContainerItemProxy section */

/* Begin PBXFileReference section */
		0579501AD928B1AC13AED119 /* Pods_MamaPapaMedicalRecord_MamaPapaMedicalRecordUITests.framework */ = {isa = PBXFileReference; explicitFileType = wrapper.framework; includeInIndex = 0; path = Pods_MamaPapaMedicalRecord_MamaPapaMedicalRecordUITests.framework; sourceTree = BUILT_PRODUCTS_DIR; };
		0585F532280F72D34723CB4F /* Pods_MamaPapaMedicalRecord.framework */ = {isa = PBXFileReference; explicitFileType = wrapper.framework; includeInIndex = 0; path = Pods_MamaPapaMedicalRecord.framework; sourceTree = BUILT_PRODUCTS_DIR; };
		0DA9E61FB5ACC3618B54C4C2 /* Pods_MamaPapaMedicalRecordTests.framework */ = {isa = PBXFileReference; explicitFileType = wrapper.framework; includeInIndex = 0; path = Pods_MamaPapaMedicalRecordTests.framework; sourceTree = BUILT_PRODUCTS_DIR; };
		582E2FBCCFEC9C4FB7937D2D /* Pods-MamaPapaMedicalRecord-MamaPapaMedicalRecordUITests.debug.xcconfig */ = {isa = PBXFileReference; includeInIndex = 1; lastKnownFileType = text.xcconfig; name = "Pods-MamaPapaMedicalRecord-MamaPapaMedicalRecordUITests.debug.xcconfig"; path = "Target Support Files/Pods-MamaPapaMedicalRecord-MamaPapaMedicalRecordUITests/Pods-MamaPapaMedicalRecord-MamaPapaMedicalRecordUITests.debug.xcconfig"; sourceTree = "<group>"; };
		75A872DC78CD1504269BCCBD /* Pods-MamaPapaMedicalRecordTests.release.xcconfig */ = {isa = PBXFileReference; includeInIndex = 1; lastKnownFileType = text.xcconfig; name = "Pods-MamaPapaMedicalRecordTests.release.xcconfig"; path = "Target Support Files/Pods-MamaPapaMedicalRecordTests/Pods-MamaPapaMedicalRecordTests.release.xcconfig"; sourceTree = "<group>"; };
		7BEE6CBE3421BE992C079995 /* Pods-MamaPapaMedicalRecord.release.xcconfig */ = {isa = PBXFileReference; includeInIndex = 1; lastKnownFileType = text.xcconfig; name = "Pods-MamaPapaMedicalRecord.release.xcconfig"; path = "Target Support Files/Pods-MamaPapaMedicalRecord/Pods-MamaPapaMedicalRecord.release.xcconfig"; sourceTree = "<group>"; };
		8BC3EC5A2AC1CE4C0023BAB6 /* GoogleService-Info.plist */ = {isa = PBXFileReference; fileEncoding = 4; lastKnownFileType = text.plist.xml; path = "GoogleService-Info.plist"; sourceTree = "<group>"; };
		8BC3EC5C2AC1F14F0023BAB6 /* FamilyInputViewController.swift */ = {isa = PBXFileReference; lastKnownFileType = sourcecode.swift; path = FamilyInputViewController.swift; sourceTree = "<group>"; };
		8BC3EC5D2AC1F14F0023BAB6 /* FamilyInputViewController.xib */ = {isa = PBXFileReference; lastKnownFileType = file.xib; path = FamilyInputViewController.xib; sourceTree = "<group>"; };
		8BC3EC622AC31B8F0023BAB6 /* DatePickerViewController.swift */ = {isa = PBXFileReference; lastKnownFileType = sourcecode.swift; path = DatePickerViewController.swift; sourceTree = "<group>"; };
		8BC3EC632AC31B8F0023BAB6 /* DatePickerViewController.xib */ = {isa = PBXFileReference; lastKnownFileType = file.xib; path = DatePickerViewController.xib; sourceTree = "<group>"; };
		8BC3EC662AC334FF0023BAB6 /* CommonPickerViewController.swift */ = {isa = PBXFileReference; lastKnownFileType = sourcecode.swift; path = CommonPickerViewController.swift; sourceTree = "<group>"; };
		8BC3EC672AC334FF0023BAB6 /* CommonPickerViewController.xib */ = {isa = PBXFileReference; lastKnownFileType = file.xib; path = CommonPickerViewController.xib; sourceTree = "<group>"; };
		8BF4E2152ACDFA1300D30650 /* Vomiting.swift */ = {isa = PBXFileReference; lastKnownFileType = sourcecode.swift; path = Vomiting.swift; sourceTree = "<group>"; };
		8BF4E2172ACDFFF800D30650 /* FirebaseService.swift */ = {isa = PBXFileReference; lastKnownFileType = sourcecode.swift; path = FirebaseService.swift; sourceTree = "<group>"; };
		950B461E2AC151640085C4A6 /* FeverViewController.swift */ = {isa = PBXFileReference; lastKnownFileType = sourcecode.swift; path = FeverViewController.swift; sourceTree = "<group>"; };
		950B461F2AC151640085C4A6 /* FeverViewController.xib */ = {isa = PBXFileReference; lastKnownFileType = file.xib; path = FeverViewController.xib; sourceTree = "<group>"; };
		950B46222AC151A30085C4A6 /* DiarrheaViewController.swift */ = {isa = PBXFileReference; lastKnownFileType = sourcecode.swift; path = DiarrheaViewController.swift; sourceTree = "<group>"; };
		950B46232AC151A30085C4A6 /* DiarrheaViewController.xib */ = {isa = PBXFileReference; lastKnownFileType = file.xib; path = DiarrheaViewController.xib; sourceTree = "<group>"; };
		950B46262AC151C50085C4A6 /* VomitingViewController.swift */ = {isa = PBXFileReference; lastKnownFileType = sourcecode.swift; path = VomitingViewController.swift; sourceTree = "<group>"; };
		950B46272AC151C50085C4A6 /* VomitingViewController.xib */ = {isa = PBXFileReference; lastKnownFileType = file.xib; path = VomitingViewController.xib; sourceTree = "<group>"; };
		950B462A2AC151E80085C4A6 /* ConvulsionsViewController.swift */ = {isa = PBXFileReference; lastKnownFileType = sourcecode.swift; path = ConvulsionsViewController.swift; sourceTree = "<group>"; };
		950B462B2AC151E80085C4A6 /* ConvulsionsViewController.xib */ = {isa = PBXFileReference; lastKnownFileType = file.xib; path = ConvulsionsViewController.xib; sourceTree = "<group>"; };
		950B462E2AC152070085C4A6 /* RashViewController.swift */ = {isa = PBXFileReference; lastKnownFileType = sourcecode.swift; path = RashViewController.swift; sourceTree = "<group>"; };
		950B462F2AC152070085C4A6 /* RashViewController.xib */ = {isa = PBXFileReference; lastKnownFileType = file.xib; path = RashViewController.xib; sourceTree = "<group>"; };
		950B46322AC152160085C4A6 /* OtherViewController.swift */ = {isa = PBXFileReference; lastKnownFileType = sourcecode.swift; path = OtherViewController.swift; sourceTree = "<group>"; };
		950B46332AC152160085C4A6 /* OtherViewController.xib */ = {isa = PBXFileReference; lastKnownFileType = file.xib; path = OtherViewController.xib; sourceTree = "<group>"; };
		950B46362AC152660085C4A6 /* RecordDetailViewController.swift */ = {isa = PBXFileReference; lastKnownFileType = sourcecode.swift; path = RecordDetailViewController.swift; sourceTree = "<group>"; };
		950B46372AC152660085C4A6 /* RecordDetailViewController.xib */ = {isa = PBXFileReference; lastKnownFileType = file.xib; path = RecordDetailViewController.xib; sourceTree = "<group>"; };
		953ECA592ABAC30F00649D20 /* FamilySettingDataModel.swift */ = {isa = PBXFileReference; lastKnownFileType = sourcecode.swift; path = FamilySettingDataModel.swift; sourceTree = "<group>"; };
		955E16AC2AB7CEA900EF91C2 /* FamilySettingViewController.swift */ = {isa = PBXFileReference; lastKnownFileType = sourcecode.swift; path = FamilySettingViewController.swift; sourceTree = "<group>"; };
		955E16AD2AB7CEA900EF91C2 /* FamilySettingViewController.xib */ = {isa = PBXFileReference; lastKnownFileType = file.xib; path = FamilySettingViewController.xib; sourceTree = "<group>"; };
		955E16B42AB91AC000EF91C2 /* ListTableViewCell.swift */ = {isa = PBXFileReference; lastKnownFileType = sourcecode.swift; path = ListTableViewCell.swift; sourceTree = "<group>"; };
		955E16B52AB91AC000EF91C2 /* ListTableViewCell.xib */ = {isa = PBXFileReference; lastKnownFileType = file.xib; path = ListTableViewCell.xib; sourceTree = "<group>"; };
		955E16B82AB91F9C00EF91C2 /* AddListTableViewCell.swift */ = {isa = PBXFileReference; lastKnownFileType = sourcecode.swift; path = AddListTableViewCell.swift; sourceTree = "<group>"; };
		955E16B92AB91F9C00EF91C2 /* AddListTableViewCell.xib */ = {isa = PBXFileReference; lastKnownFileType = file.xib; path = AddListTableViewCell.xib; sourceTree = "<group>"; };
		959644332AAB4ADE006E4114 /* MamaPapaMedicalRecord.app */ = {isa = PBXFileReference; explicitFileType = wrapper.application; includeInIndex = 0; path = MamaPapaMedicalRecord.app; sourceTree = BUILT_PRODUCTS_DIR; };
		959644362AAB4ADE006E4114 /* AppDelegate.swift */ = {isa = PBXFileReference; lastKnownFileType = sourcecode.swift; path = AppDelegate.swift; sourceTree = "<group>"; };
		959644382AAB4ADE006E4114 /* SceneDelegate.swift */ = {isa = PBXFileReference; lastKnownFileType = sourcecode.swift; path = SceneDelegate.swift; sourceTree = "<group>"; };
		9596443D2AAB4ADE006E4114 /* Base */ = {isa = PBXFileReference; lastKnownFileType = file.storyboard; name = Base; path = Base.lproj/Main.storyboard; sourceTree = "<group>"; };
		9596443F2AAB4ADE006E4114 /* Assets.xcassets */ = {isa = PBXFileReference; lastKnownFileType = folder.assetcatalog; path = Assets.xcassets; sourceTree = "<group>"; };
		959644422AAB4ADE006E4114 /* Base */ = {isa = PBXFileReference; lastKnownFileType = file.storyboard; name = Base; path = Base.lproj/LaunchScreen.storyboard; sourceTree = "<group>"; };
		959644442AAB4ADE006E4114 /* Info.plist */ = {isa = PBXFileReference; lastKnownFileType = text.plist.xml; path = Info.plist; sourceTree = "<group>"; };
		959644492AAB4ADE006E4114 /* MamaPapaMedicalRecordTests.xctest */ = {isa = PBXFileReference; explicitFileType = wrapper.cfbundle; includeInIndex = 0; path = MamaPapaMedicalRecordTests.xctest; sourceTree = BUILT_PRODUCTS_DIR; };
		9596444D2AAB4ADE006E4114 /* MamaPapaMedicalRecordTests.swift */ = {isa = PBXFileReference; lastKnownFileType = sourcecode.swift; path = MamaPapaMedicalRecordTests.swift; sourceTree = "<group>"; };
		959644532AAB4ADE006E4114 /* MamaPapaMedicalRecordUITests.xctest */ = {isa = PBXFileReference; explicitFileType = wrapper.cfbundle; includeInIndex = 0; path = MamaPapaMedicalRecordUITests.xctest; sourceTree = BUILT_PRODUCTS_DIR; };
		959644572AAB4ADE006E4114 /* MamaPapaMedicalRecordUITests.swift */ = {isa = PBXFileReference; lastKnownFileType = sourcecode.swift; path = MamaPapaMedicalRecordUITests.swift; sourceTree = "<group>"; };
		959644592AAB4ADE006E4114 /* MamaPapaMedicalRecordUITestsLaunchTests.swift */ = {isa = PBXFileReference; lastKnownFileType = sourcecode.swift; path = MamaPapaMedicalRecordUITestsLaunchTests.swift; sourceTree = "<group>"; };
		959644662AAB52D1006E4114 /* MainTabBarController.swift */ = {isa = PBXFileReference; lastKnownFileType = sourcecode.swift; path = MainTabBarController.swift; sourceTree = "<group>"; };
		959644682AAB52EC006E4114 /* CoverViewController.swift */ = {isa = PBXFileReference; lastKnownFileType = sourcecode.swift; path = CoverViewController.swift; sourceTree = "<group>"; };
		9596446A2AAB5301006E4114 /* MemoViewController.swift */ = {isa = PBXFileReference; lastKnownFileType = sourcecode.swift; path = MemoViewController.swift; sourceTree = "<group>"; };
		9596446C2AAB531C006E4114 /* RecordNotesListViewController.swift */ = {isa = PBXFileReference; lastKnownFileType = sourcecode.swift; path = RecordNotesListViewController.swift; sourceTree = "<group>"; };
		9596446E2AAB5335006E4114 /* MedicalExaminationViewController.swift */ = {isa = PBXFileReference; lastKnownFileType = sourcecode.swift; path = MedicalExaminationViewController.swift; sourceTree = "<group>"; };
		959644702AB1A124006E4114 /* CoverTableViewCell.swift */ = {isa = PBXFileReference; lastKnownFileType = sourcecode.swift; path = CoverTableViewCell.swift; sourceTree = "<group>"; };
		959644712AB1A124006E4114 /* CoverTableViewCell.xib */ = {isa = PBXFileReference; lastKnownFileType = file.xib; path = CoverTableViewCell.xib; sourceTree = "<group>"; };
		959644742AB28B44006E4114 /* MemoDataModel.swift */ = {isa = PBXFileReference; lastKnownFileType = sourcecode.swift; path = MemoDataModel.swift; sourceTree = "<group>"; };
		95DA1DEE2ABE639E0090B64C /* CustomButton.swift */ = {isa = PBXFileReference; lastKnownFileType = sourcecode.swift; path = CustomButton.swift; sourceTree = "<group>"; };
		A9D748885987CF339C0FF184 /* Pods-MamaPapaMedicalRecord.debug.xcconfig */ = {isa = PBXFileReference; includeInIndex = 1; lastKnownFileType = text.xcconfig; name = "Pods-MamaPapaMedicalRecord.debug.xcconfig"; path = "Target Support Files/Pods-MamaPapaMedicalRecord/Pods-MamaPapaMedicalRecord.debug.xcconfig"; sourceTree = "<group>"; };
		B38262B75BDFE2692EC4A5AA /* Pods-MamaPapaMedicalRecordTests.debug.xcconfig */ = {isa = PBXFileReference; includeInIndex = 1; lastKnownFileType = text.xcconfig; name = "Pods-MamaPapaMedicalRecordTests.debug.xcconfig"; path = "Target Support Files/Pods-MamaPapaMedicalRecordTests/Pods-MamaPapaMedicalRecordTests.debug.xcconfig"; sourceTree = "<group>"; };
		DC8C44D3F430A177E8004C39 /* Pods-MamaPapaMedicalRecord-MamaPapaMedicalRecordUITests.release.xcconfig */ = {isa = PBXFileReference; includeInIndex = 1; lastKnownFileType = text.xcconfig; name = "Pods-MamaPapaMedicalRecord-MamaPapaMedicalRecordUITests.release.xcconfig"; path = "Target Support Files/Pods-MamaPapaMedicalRecord-MamaPapaMedicalRecordUITests/Pods-MamaPapaMedicalRecord-MamaPapaMedicalRecordUITests.release.xcconfig"; sourceTree = "<group>"; };
/* End PBXFileReference section */

/* Begin PBXFrameworksBuildPhase section */
		959644302AAB4ADE006E4114 /* Frameworks */ = {
			isa = PBXFrameworksBuildPhase;
			buildActionMask = 2147483647;
			files = (
				021F57A2501F4F4C15CE3FAD /* Pods_MamaPapaMedicalRecord.framework in Frameworks */,
				953ECA632ABC35F000649D20 /* FirebaseStorage in Frameworks */,
				953ECA5F2ABC35F000649D20 /* FirebaseAuth in Frameworks */,
				953ECA612ABC35F000649D20 /* FirebaseFirestore in Frameworks */,
			);
			runOnlyForDeploymentPostprocessing = 0;
		};
		959644462AAB4ADE006E4114 /* Frameworks */ = {
			isa = PBXFrameworksBuildPhase;
			buildActionMask = 2147483647;
			files = (
				EFCA7C573D0105158B74BEEB /* Pods_MamaPapaMedicalRecordTests.framework in Frameworks */,
			);
			runOnlyForDeploymentPostprocessing = 0;
		};
		959644502AAB4ADE006E4114 /* Frameworks */ = {
			isa = PBXFrameworksBuildPhase;
			buildActionMask = 2147483647;
			files = (
				3D434163AF6B6127B7F80F39 /* Pods_MamaPapaMedicalRecord_MamaPapaMedicalRecordUITests.framework in Frameworks */,
			);
			runOnlyForDeploymentPostprocessing = 0;
		};
/* End PBXFrameworksBuildPhase section */

/* Begin PBXGroup section */
		4947399A59681E4472F740BF /* Pods */ = {
			isa = PBXGroup;
			children = (
				A9D748885987CF339C0FF184 /* Pods-MamaPapaMedicalRecord.debug.xcconfig */,
				7BEE6CBE3421BE992C079995 /* Pods-MamaPapaMedicalRecord.release.xcconfig */,
				582E2FBCCFEC9C4FB7937D2D /* Pods-MamaPapaMedicalRecord-MamaPapaMedicalRecordUITests.debug.xcconfig */,
				DC8C44D3F430A177E8004C39 /* Pods-MamaPapaMedicalRecord-MamaPapaMedicalRecordUITests.release.xcconfig */,
				B38262B75BDFE2692EC4A5AA /* Pods-MamaPapaMedicalRecordTests.debug.xcconfig */,
				75A872DC78CD1504269BCCBD /* Pods-MamaPapaMedicalRecordTests.release.xcconfig */,
			);
			path = Pods;
			sourceTree = "<group>";
		};
		5A08E1FD0173280E43696FA7 /* Frameworks */ = {
			isa = PBXGroup;
			children = (
				0585F532280F72D34723CB4F /* Pods_MamaPapaMedicalRecord.framework */,
				0579501AD928B1AC13AED119 /* Pods_MamaPapaMedicalRecord_MamaPapaMedicalRecordUITests.framework */,
				0DA9E61FB5ACC3618B54C4C2 /* Pods_MamaPapaMedicalRecordTests.framework */,
			);
			name = Frameworks;
			sourceTree = "<group>";
		};
		8BF4E2142ACDF9F100D30650 /* Model */ = {
			isa = PBXGroup;
			children = (
				8BF4E2152ACDFA1300D30650 /* Vomiting.swift */,
			);
			path = Model;
			sourceTree = "<group>";
		};
		950B46172AC14FBB0085C4A6 /* Cover Tab */ = {
			isa = PBXGroup;
			children = (
				959644682AAB52EC006E4114 /* CoverViewController.swift */,
				950B46182AC14FFA0085C4A6 /* Family Setting */,
			);
			path = "Cover Tab";
			sourceTree = "<group>";
		};
		950B46182AC14FFA0085C4A6 /* Family Setting */ = {
			isa = PBXGroup;
			children = (
				955E16AC2AB7CEA900EF91C2 /* FamilySettingViewController.swift */,
				955E16AD2AB7CEA900EF91C2 /* FamilySettingViewController.xib */,
				955E16B82AB91F9C00EF91C2 /* AddListTableViewCell.swift */,
				955E16B92AB91F9C00EF91C2 /* AddListTableViewCell.xib */,
				8BC3EC5C2AC1F14F0023BAB6 /* FamilyInputViewController.swift */,
				8BC3EC5D2AC1F14F0023BAB6 /* FamilyInputViewController.xib */,
				953ECA592ABAC30F00649D20 /* FamilySettingDataModel.swift */,
			);
			name = "Family Setting";
			path = "../Family Setting";
			sourceTree = "<group>";
		};
		950B46192AC150300085C4A6 /* Memo Tab */ = {
			isa = PBXGroup;
			children = (
				9596446A2AAB5301006E4114 /* MemoViewController.swift */,
				959644662AAB52D1006E4114 /* MainTabBarController.swift */,
				950B461E2AC151640085C4A6 /* FeverViewController.swift */,
				950B461F2AC151640085C4A6 /* FeverViewController.xib */,
				950B46222AC151A30085C4A6 /* DiarrheaViewController.swift */,
				950B46232AC151A30085C4A6 /* DiarrheaViewController.xib */,
				950B46262AC151C50085C4A6 /* VomitingViewController.swift */,
				950B46272AC151C50085C4A6 /* VomitingViewController.xib */,
				950B462A2AC151E80085C4A6 /* ConvulsionsViewController.swift */,
				950B462B2AC151E80085C4A6 /* ConvulsionsViewController.xib */,
				950B462E2AC152070085C4A6 /* RashViewController.swift */,
				950B462F2AC152070085C4A6 /* RashViewController.xib */,
				950B46322AC152160085C4A6 /* OtherViewController.swift */,
				950B46332AC152160085C4A6 /* OtherViewController.xib */,
				8BF4E2142ACDF9F100D30650 /* Model */,
			);
			path = "Memo Tab";
			sourceTree = "<group>";
		};
		950B461A2AC1505A0085C4A6 /* Record Notes List Tab */ = {
			isa = PBXGroup;
			children = (
				9596446C2AAB531C006E4114 /* RecordNotesListViewController.swift */,
				950B46362AC152660085C4A6 /* RecordDetailViewController.swift */,
				950B46372AC152660085C4A6 /* RecordDetailViewController.xib */,
			);
			path = "Record Notes List Tab";
			sourceTree = "<group>";
		};
		950B461B2AC150770085C4A6 /* Medical Examination Tab */ = {
			isa = PBXGroup;
			children = (
				9596446E2AAB5335006E4114 /* MedicalExaminationViewController.swift */,
			);
			path = "Medical Examination Tab";
			sourceTree = "<group>";
		};
		950B461C2AC150990085C4A6 /* Common */ = {
			isa = PBXGroup;
			children = (
				959644702AB1A124006E4114 /* CoverTableViewCell.swift */,
				959644712AB1A124006E4114 /* CoverTableViewCell.xib */,
				959644742AB28B44006E4114 /* MemoDataModel.swift */,
				955E16B42AB91AC000EF91C2 /* ListTableViewCell.swift */,
				955E16B52AB91AC000EF91C2 /* ListTableViewCell.xib */,
				95DA1DEE2ABE639E0090B64C /* CustomButton.swift */,
				8BC3EC622AC31B8F0023BAB6 /* DatePickerViewController.swift */,
				8BC3EC632AC31B8F0023BAB6 /* DatePickerViewController.xib */,
				8BC3EC662AC334FF0023BAB6 /* CommonPickerViewController.swift */,
				8BC3EC672AC334FF0023BAB6 /* CommonPickerViewController.xib */,
			);
			path = Common;
			sourceTree = "<group>";
		};
		9596442A2AAB4ADE006E4114 = {
			isa = PBXGroup;
			children = (
				959644352AAB4ADE006E4114 /* MamaPapaMedicalRecord */,
				9596444C2AAB4ADE006E4114 /* MamaPapaMedicalRecordTests */,
				959644562AAB4ADE006E4114 /* MamaPapaMedicalRecordUITests */,
				959644342AAB4ADE006E4114 /* Products */,
				4947399A59681E4472F740BF /* Pods */,
				5A08E1FD0173280E43696FA7 /* Frameworks */,
			);
			sourceTree = "<group>";
		};
		959644342AAB4ADE006E4114 /* Products */ = {
			isa = PBXGroup;
			children = (
				959644332AAB4ADE006E4114 /* MamaPapaMedicalRecord.app */,
				959644492AAB4ADE006E4114 /* MamaPapaMedicalRecordTests.xctest */,
				959644532AAB4ADE006E4114 /* MamaPapaMedicalRecordUITests.xctest */,
			);
			name = Products;
			sourceTree = "<group>";
		};
		959644352AAB4ADE006E4114 /* MamaPapaMedicalRecord */ = {
			isa = PBXGroup;
			children = (
				959644362AAB4ADE006E4114 /* AppDelegate.swift */,
				959644382AAB4ADE006E4114 /* SceneDelegate.swift */,
				8BF4E2172ACDFFF800D30650 /* FirebaseService.swift */,
				9596443C2AAB4ADE006E4114 /* Main.storyboard */,
				9596443F2AAB4ADE006E4114 /* Assets.xcassets */,
				959644412AAB4ADE006E4114 /* LaunchScreen.storyboard */,
				959644442AAB4ADE006E4114 /* Info.plist */,
				8BC3EC5A2AC1CE4C0023BAB6 /* GoogleService-Info.plist */,
				950B46172AC14FBB0085C4A6 /* Cover Tab */,
				950B46192AC150300085C4A6 /* Memo Tab */,
				950B461A2AC1505A0085C4A6 /* Record Notes List Tab */,
				950B461B2AC150770085C4A6 /* Medical Examination Tab */,
				950B461C2AC150990085C4A6 /* Common */,
			);
			path = MamaPapaMedicalRecord;
			sourceTree = "<group>";
		};
		9596444C2AAB4ADE006E4114 /* MamaPapaMedicalRecordTests */ = {
			isa = PBXGroup;
			children = (
				9596444D2AAB4ADE006E4114 /* MamaPapaMedicalRecordTests.swift */,
			);
			path = MamaPapaMedicalRecordTests;
			sourceTree = "<group>";
		};
		959644562AAB4ADE006E4114 /* MamaPapaMedicalRecordUITests */ = {
			isa = PBXGroup;
			children = (
				959644572AAB4ADE006E4114 /* MamaPapaMedicalRecordUITests.swift */,
				959644592AAB4ADE006E4114 /* MamaPapaMedicalRecordUITestsLaunchTests.swift */,
			);
			path = MamaPapaMedicalRecordUITests;
			sourceTree = "<group>";
		};
/* End PBXGroup section */

/* Begin PBXNativeTarget section */
		959644322AAB4ADE006E4114 /* MamaPapaMedicalRecord */ = {
			isa = PBXNativeTarget;
			buildConfigurationList = 9596445D2AAB4ADE006E4114 /* Build configuration list for PBXNativeTarget "MamaPapaMedicalRecord" */;
			buildPhases = (
				F07293BBE6773CAA227A30C9 /* [CP] Check Pods Manifest.lock */,
				9596442F2AAB4ADE006E4114 /* Sources */,
				959644302AAB4ADE006E4114 /* Frameworks */,
				959644312AAB4ADE006E4114 /* Resources */,
				BE748E94912B25BF19DD0FAF /* [CP] Embed Pods Frameworks */,
			);
			buildRules = (
			);
			dependencies = (
			);
			name = MamaPapaMedicalRecord;
			packageProductDependencies = (
				953ECA5E2ABC35F000649D20 /* FirebaseAuth */,
				953ECA602ABC35F000649D20 /* FirebaseFirestore */,
				953ECA622ABC35F000649D20 /* FirebaseStorage */,
			);
			productName = MamaPapaMedicalRecord;
			productReference = 959644332AAB4ADE006E4114 /* MamaPapaMedicalRecord.app */;
			productType = "com.apple.product-type.application";
		};
		959644482AAB4ADE006E4114 /* MamaPapaMedicalRecordTests */ = {
			isa = PBXNativeTarget;
			buildConfigurationList = 959644602AAB4ADE006E4114 /* Build configuration list for PBXNativeTarget "MamaPapaMedicalRecordTests" */;
			buildPhases = (
				6B568A662A4A7A6BFAA74561 /* [CP] Check Pods Manifest.lock */,
				959644452AAB4ADE006E4114 /* Sources */,
				959644462AAB4ADE006E4114 /* Frameworks */,
				959644472AAB4ADE006E4114 /* Resources */,
			);
			buildRules = (
			);
			dependencies = (
				9596444B2AAB4ADE006E4114 /* PBXTargetDependency */,
			);
			name = MamaPapaMedicalRecordTests;
			productName = MamaPapaMedicalRecordTests;
			productReference = 959644492AAB4ADE006E4114 /* MamaPapaMedicalRecordTests.xctest */;
			productType = "com.apple.product-type.bundle.unit-test";
		};
		959644522AAB4ADE006E4114 /* MamaPapaMedicalRecordUITests */ = {
			isa = PBXNativeTarget;
			buildConfigurationList = 959644632AAB4ADE006E4114 /* Build configuration list for PBXNativeTarget "MamaPapaMedicalRecordUITests" */;
			buildPhases = (
				85E84F600EC0B3F9C41A6518 /* [CP] Check Pods Manifest.lock */,
				9596444F2AAB4ADE006E4114 /* Sources */,
				959644502AAB4ADE006E4114 /* Frameworks */,
				959644512AAB4ADE006E4114 /* Resources */,
				3B4A87E38BF391F70DAB37B7 /* [CP] Embed Pods Frameworks */,
			);
			buildRules = (
			);
			dependencies = (
				959644552AAB4ADE006E4114 /* PBXTargetDependency */,
			);
			name = MamaPapaMedicalRecordUITests;
			productName = MamaPapaMedicalRecordUITests;
			productReference = 959644532AAB4ADE006E4114 /* MamaPapaMedicalRecordUITests.xctest */;
			productType = "com.apple.product-type.bundle.ui-testing";
		};
/* End PBXNativeTarget section */

/* Begin PBXProject section */
		9596442B2AAB4ADE006E4114 /* Project object */ = {
			isa = PBXProject;
			attributes = {
				BuildIndependentTargetsInParallel = 1;
				LastSwiftUpdateCheck = 1430;
				LastUpgradeCheck = 1430;
				TargetAttributes = {
					959644322AAB4ADE006E4114 = {
						CreatedOnToolsVersion = 14.3.1;
					};
					959644482AAB4ADE006E4114 = {
						CreatedOnToolsVersion = 14.3.1;
						TestTargetID = 959644322AAB4ADE006E4114;
					};
					959644522AAB4ADE006E4114 = {
						CreatedOnToolsVersion = 14.3.1;
						TestTargetID = 959644322AAB4ADE006E4114;
					};
				};
			};
			buildConfigurationList = 9596442E2AAB4ADE006E4114 /* Build configuration list for PBXProject "MamaPapaMedicalRecord" */;
			compatibilityVersion = "Xcode 14.0";
			developmentRegion = en;
			hasScannedForEncodings = 0;
			knownRegions = (
				en,
				Base,
			);
			mainGroup = 9596442A2AAB4ADE006E4114;
			packageReferences = (
				953ECA5D2ABC35F000649D20 /* XCRemoteSwiftPackageReference "firebase-ios-sdk" */,
			);
			productRefGroup = 959644342AAB4ADE006E4114 /* Products */;
			projectDirPath = "";
			projectRoot = "";
			targets = (
				959644322AAB4ADE006E4114 /* MamaPapaMedicalRecord */,
				959644482AAB4ADE006E4114 /* MamaPapaMedicalRecordTests */,
				959644522AAB4ADE006E4114 /* MamaPapaMedicalRecordUITests */,
			);
		};
/* End PBXProject section */

/* Begin PBXResourcesBuildPhase section */
		959644312AAB4ADE006E4114 /* Resources */ = {
			isa = PBXResourcesBuildPhase;
			buildActionMask = 2147483647;
			files = (
				950B46252AC151A30085C4A6 /* DiarrheaViewController.xib in Resources */,
				955E16BB2AB91F9C00EF91C2 /* AddListTableViewCell.xib in Resources */,
				950B46352AC152160085C4A6 /* OtherViewController.xib in Resources */,
				8BC3EC652AC31B8F0023BAB6 /* DatePickerViewController.xib in Resources */,
				955E16B72AB91AC000EF91C2 /* ListTableViewCell.xib in Resources */,
				959644432AAB4ADE006E4114 /* LaunchScreen.storyboard in Resources */,
				950B46312AC152070085C4A6 /* RashViewController.xib in Resources */,
				959644732AB1A124006E4114 /* CoverTableViewCell.xib in Resources */,
				959644402AAB4ADE006E4114 /* Assets.xcassets in Resources */,
				9596443E2AAB4ADE006E4114 /* Main.storyboard in Resources */,
				950B46392AC152660085C4A6 /* RecordDetailViewController.xib in Resources */,
				950B46292AC151C50085C4A6 /* VomitingViewController.xib in Resources */,
				955E16AF2AB7CEA900EF91C2 /* FamilySettingViewController.xib in Resources */,
				950B462D2AC151E80085C4A6 /* ConvulsionsViewController.xib in Resources */,
				950B46212AC151640085C4A6 /* FeverViewController.xib in Resources */,
				8BC3EC692AC334FF0023BAB6 /* CommonPickerViewController.xib in Resources */,
				8BC3EC5B2AC1CE4C0023BAB6 /* GoogleService-Info.plist in Resources */,
				8BC3EC5F2AC1F14F0023BAB6 /* FamilyInputViewController.xib in Resources */,
			);
			runOnlyForDeploymentPostprocessing = 0;
		};
		959644472AAB4ADE006E4114 /* Resources */ = {
			isa = PBXResourcesBuildPhase;
			buildActionMask = 2147483647;
			files = (
			);
			runOnlyForDeploymentPostprocessing = 0;
		};
		959644512AAB4ADE006E4114 /* Resources */ = {
			isa = PBXResourcesBuildPhase;
			buildActionMask = 2147483647;
			files = (
			);
			runOnlyForDeploymentPostprocessing = 0;
		};
/* End PBXResourcesBuildPhase section */

/* Begin PBXShellScriptBuildPhase section */
		3B4A87E38BF391F70DAB37B7 /* [CP] Embed Pods Frameworks */ = {
			isa = PBXShellScriptBuildPhase;
			buildActionMask = 2147483647;
			files = (
			);
			inputFileListPaths = (
				"${PODS_ROOT}/Target Support Files/Pods-MamaPapaMedicalRecord-MamaPapaMedicalRecordUITests/Pods-MamaPapaMedicalRecord-MamaPapaMedicalRecordUITests-frameworks-${CONFIGURATION}-input-files.xcfilelist",
			);
			name = "[CP] Embed Pods Frameworks";
			outputFileListPaths = (
				"${PODS_ROOT}/Target Support Files/Pods-MamaPapaMedicalRecord-MamaPapaMedicalRecordUITests/Pods-MamaPapaMedicalRecord-MamaPapaMedicalRecordUITests-frameworks-${CONFIGURATION}-output-files.xcfilelist",
			);
			runOnlyForDeploymentPostprocessing = 0;
			shellPath = /bin/sh;
			shellScript = "\"${PODS_ROOT}/Target Support Files/Pods-MamaPapaMedicalRecord-MamaPapaMedicalRecordUITests/Pods-MamaPapaMedicalRecord-MamaPapaMedicalRecordUITests-frameworks.sh\"\n";
			showEnvVarsInLog = 0;
		};
		6B568A662A4A7A6BFAA74561 /* [CP] Check Pods Manifest.lock */ = {
			isa = PBXShellScriptBuildPhase;
			buildActionMask = 2147483647;
			files = (
			);
			inputFileListPaths = (
			);
			inputPaths = (
				"${PODS_PODFILE_DIR_PATH}/Podfile.lock",
				"${PODS_ROOT}/Manifest.lock",
			);
			name = "[CP] Check Pods Manifest.lock";
			outputFileListPaths = (
			);
			outputPaths = (
				"$(DERIVED_FILE_DIR)/Pods-MamaPapaMedicalRecordTests-checkManifestLockResult.txt",
			);
			runOnlyForDeploymentPostprocessing = 0;
			shellPath = /bin/sh;
			shellScript = "diff \"${PODS_PODFILE_DIR_PATH}/Podfile.lock\" \"${PODS_ROOT}/Manifest.lock\" > /dev/null\nif [ $? != 0 ] ; then\n    # print error to STDERR\n    echo \"error: The sandbox is not in sync with the Podfile.lock. Run 'pod install' or update your CocoaPods installation.\" >&2\n    exit 1\nfi\n# This output is used by Xcode 'outputs' to avoid re-running this script phase.\necho \"SUCCESS\" > \"${SCRIPT_OUTPUT_FILE_0}\"\n";
			showEnvVarsInLog = 0;
		};
		85E84F600EC0B3F9C41A6518 /* [CP] Check Pods Manifest.lock */ = {
			isa = PBXShellScriptBuildPhase;
			buildActionMask = 2147483647;
			files = (
			);
			inputFileListPaths = (
			);
			inputPaths = (
				"${PODS_PODFILE_DIR_PATH}/Podfile.lock",
				"${PODS_ROOT}/Manifest.lock",
			);
			name = "[CP] Check Pods Manifest.lock";
			outputFileListPaths = (
			);
			outputPaths = (
				"$(DERIVED_FILE_DIR)/Pods-MamaPapaMedicalRecord-MamaPapaMedicalRecordUITests-checkManifestLockResult.txt",
			);
			runOnlyForDeploymentPostprocessing = 0;
			shellPath = /bin/sh;
			shellScript = "diff \"${PODS_PODFILE_DIR_PATH}/Podfile.lock\" \"${PODS_ROOT}/Manifest.lock\" > /dev/null\nif [ $? != 0 ] ; then\n    # print error to STDERR\n    echo \"error: The sandbox is not in sync with the Podfile.lock. Run 'pod install' or update your CocoaPods installation.\" >&2\n    exit 1\nfi\n# This output is used by Xcode 'outputs' to avoid re-running this script phase.\necho \"SUCCESS\" > \"${SCRIPT_OUTPUT_FILE_0}\"\n";
			showEnvVarsInLog = 0;
		};
		BE748E94912B25BF19DD0FAF /* [CP] Embed Pods Frameworks */ = {
			isa = PBXShellScriptBuildPhase;
			buildActionMask = 2147483647;
			files = (
			);
			inputFileListPaths = (
				"${PODS_ROOT}/Target Support Files/Pods-MamaPapaMedicalRecord/Pods-MamaPapaMedicalRecord-frameworks-${CONFIGURATION}-input-files.xcfilelist",
			);
			name = "[CP] Embed Pods Frameworks";
			outputFileListPaths = (
				"${PODS_ROOT}/Target Support Files/Pods-MamaPapaMedicalRecord/Pods-MamaPapaMedicalRecord-frameworks-${CONFIGURATION}-output-files.xcfilelist",
			);
			runOnlyForDeploymentPostprocessing = 0;
			shellPath = /bin/sh;
			shellScript = "\"${PODS_ROOT}/Target Support Files/Pods-MamaPapaMedicalRecord/Pods-MamaPapaMedicalRecord-frameworks.sh\"\n";
			showEnvVarsInLog = 0;
		};
		F07293BBE6773CAA227A30C9 /* [CP] Check Pods Manifest.lock */ = {
			isa = PBXShellScriptBuildPhase;
			buildActionMask = 2147483647;
			files = (
			);
			inputFileListPaths = (
			);
			inputPaths = (
				"${PODS_PODFILE_DIR_PATH}/Podfile.lock",
				"${PODS_ROOT}/Manifest.lock",
			);
			name = "[CP] Check Pods Manifest.lock";
			outputFileListPaths = (
			);
			outputPaths = (
				"$(DERIVED_FILE_DIR)/Pods-MamaPapaMedicalRecord-checkManifestLockResult.txt",
			);
			runOnlyForDeploymentPostprocessing = 0;
			shellPath = /bin/sh;
			shellScript = "diff \"${PODS_PODFILE_DIR_PATH}/Podfile.lock\" \"${PODS_ROOT}/Manifest.lock\" > /dev/null\nif [ $? != 0 ] ; then\n    # print error to STDERR\n    echo \"error: The sandbox is not in sync with the Podfile.lock. Run 'pod install' or update your CocoaPods installation.\" >&2\n    exit 1\nfi\n# This output is used by Xcode 'outputs' to avoid re-running this script phase.\necho \"SUCCESS\" > \"${SCRIPT_OUTPUT_FILE_0}\"\n";
			showEnvVarsInLog = 0;
		};
/* End PBXShellScriptBuildPhase section */

/* Begin PBXSourcesBuildPhase section */
		9596442F2AAB4ADE006E4114 /* Sources */ = {
			isa = PBXSourcesBuildPhase;
			buildActionMask = 2147483647;
			files = (
				950B46382AC152660085C4A6 /* RecordDetailViewController.swift in Sources */,
				950B462C2AC151E80085C4A6 /* ConvulsionsViewController.swift in Sources */,
				955E16AE2AB7CEA900EF91C2 /* FamilySettingViewController.swift in Sources */,
				953ECA5A2ABAC30F00649D20 /* FamilySettingDataModel.swift in Sources */,
				950B46282AC151C50085C4A6 /* VomitingViewController.swift in Sources */,
				959644372AAB4ADE006E4114 /* AppDelegate.swift in Sources */,
				9596446B2AAB5301006E4114 /* MemoViewController.swift in Sources */,
				959644692AAB52EC006E4114 /* CoverViewController.swift in Sources */,
				9596446F2AAB5335006E4114 /* MedicalExaminationViewController.swift in Sources */,
				959644752AB28B44006E4114 /* MemoDataModel.swift in Sources */,
				950B46342AC152160085C4A6 /* OtherViewController.swift in Sources */,
				9596446D2AAB531C006E4114 /* RecordNotesListViewController.swift in Sources */,
				959644672AAB52D1006E4114 /* MainTabBarController.swift in Sources */,
				959644392AAB4ADE006E4114 /* SceneDelegate.swift in Sources */,
				955E16B62AB91AC000EF91C2 /* ListTableViewCell.swift in Sources */,
				955E16BA2AB91F9C00EF91C2 /* AddListTableViewCell.swift in Sources */,
				950B46242AC151A30085C4A6 /* DiarrheaViewController.swift in Sources */,
				959644722AB1A124006E4114 /* CoverTableViewCell.swift in Sources */,
				8BF4E2162ACDFA1300D30650 /* Vomiting.swift in Sources */,
				8BC3EC682AC334FF0023BAB6 /* CommonPickerViewController.swift in Sources */,
				8BF4E2182ACDFFF800D30650 /* FirebaseService.swift in Sources */,
				950B46302AC152070085C4A6 /* RashViewController.swift in Sources */,
				95DA1DEF2ABE639E0090B64C /* CustomButton.swift in Sources */,
				8BC3EC642AC31B8F0023BAB6 /* DatePickerViewController.swift in Sources */,
				950B46202AC151640085C4A6 /* FeverViewController.swift in Sources */,
				8BC3EC5E2AC1F14F0023BAB6 /* FamilyInputViewController.swift in Sources */,
			);
			runOnlyForDeploymentPostprocessing = 0;
		};
		959644452AAB4ADE006E4114 /* Sources */ = {
			isa = PBXSourcesBuildPhase;
			buildActionMask = 2147483647;
			files = (
				9596444E2AAB4ADE006E4114 /* MamaPapaMedicalRecordTests.swift in Sources */,
			);
			runOnlyForDeploymentPostprocessing = 0;
		};
		9596444F2AAB4ADE006E4114 /* Sources */ = {
			isa = PBXSourcesBuildPhase;
			buildActionMask = 2147483647;
			files = (
				959644582AAB4ADE006E4114 /* MamaPapaMedicalRecordUITests.swift in Sources */,
				9596445A2AAB4ADE006E4114 /* MamaPapaMedicalRecordUITestsLaunchTests.swift in Sources */,
			);
			runOnlyForDeploymentPostprocessing = 0;
		};
/* End PBXSourcesBuildPhase section */

/* Begin PBXTargetDependency section */
		9596444B2AAB4ADE006E4114 /* PBXTargetDependency */ = {
			isa = PBXTargetDependency;
			target = 959644322AAB4ADE006E4114 /* MamaPapaMedicalRecord */;
			targetProxy = 9596444A2AAB4ADE006E4114 /* PBXContainerItemProxy */;
		};
		959644552AAB4ADE006E4114 /* PBXTargetDependency */ = {
			isa = PBXTargetDependency;
			target = 959644322AAB4ADE006E4114 /* MamaPapaMedicalRecord */;
			targetProxy = 959644542AAB4ADE006E4114 /* PBXContainerItemProxy */;
		};
/* End PBXTargetDependency section */

/* Begin PBXVariantGroup section */
		9596443C2AAB4ADE006E4114 /* Main.storyboard */ = {
			isa = PBXVariantGroup;
			children = (
				9596443D2AAB4ADE006E4114 /* Base */,
			);
			name = Main.storyboard;
			sourceTree = "<group>";
		};
		959644412AAB4ADE006E4114 /* LaunchScreen.storyboard */ = {
			isa = PBXVariantGroup;
			children = (
				959644422AAB4ADE006E4114 /* Base */,
			);
			name = LaunchScreen.storyboard;
			sourceTree = "<group>";
		};
/* End PBXVariantGroup section */

/* Begin XCBuildConfiguration section */
		9596445B2AAB4ADE006E4114 /* Debug */ = {
			isa = XCBuildConfiguration;
			buildSettings = {
				ALWAYS_SEARCH_USER_PATHS = NO;
				CLANG_ANALYZER_NONNULL = YES;
				CLANG_ANALYZER_NUMBER_OBJECT_CONVERSION = YES_AGGRESSIVE;
				CLANG_CXX_LANGUAGE_STANDARD = "gnu++20";
				CLANG_ENABLE_MODULES = YES;
				CLANG_ENABLE_OBJC_ARC = YES;
				CLANG_ENABLE_OBJC_WEAK = YES;
				CLANG_WARN_BLOCK_CAPTURE_AUTORELEASING = YES;
				CLANG_WARN_BOOL_CONVERSION = YES;
				CLANG_WARN_COMMA = YES;
				CLANG_WARN_CONSTANT_CONVERSION = YES;
				CLANG_WARN_DEPRECATED_OBJC_IMPLEMENTATIONS = YES;
				CLANG_WARN_DIRECT_OBJC_ISA_USAGE = YES_ERROR;
				CLANG_WARN_DOCUMENTATION_COMMENTS = YES;
				CLANG_WARN_EMPTY_BODY = YES;
				CLANG_WARN_ENUM_CONVERSION = YES;
				CLANG_WARN_INFINITE_RECURSION = YES;
				CLANG_WARN_INT_CONVERSION = YES;
				CLANG_WARN_NON_LITERAL_NULL_CONVERSION = YES;
				CLANG_WARN_OBJC_IMPLICIT_RETAIN_SELF = YES;
				CLANG_WARN_OBJC_LITERAL_CONVERSION = YES;
				CLANG_WARN_OBJC_ROOT_CLASS = YES_ERROR;
				CLANG_WARN_QUOTED_INCLUDE_IN_FRAMEWORK_HEADER = YES;
				CLANG_WARN_RANGE_LOOP_ANALYSIS = YES;
				CLANG_WARN_STRICT_PROTOTYPES = YES;
				CLANG_WARN_SUSPICIOUS_MOVE = YES;
				CLANG_WARN_UNGUARDED_AVAILABILITY = YES_AGGRESSIVE;
				CLANG_WARN_UNREACHABLE_CODE = YES;
				CLANG_WARN__DUPLICATE_METHOD_MATCH = YES;
				COPY_PHASE_STRIP = NO;
				DEBUG_INFORMATION_FORMAT = dwarf;
				ENABLE_STRICT_OBJC_MSGSEND = YES;
				ENABLE_TESTABILITY = YES;
				GCC_C_LANGUAGE_STANDARD = gnu11;
				GCC_DYNAMIC_NO_PIC = NO;
				GCC_NO_COMMON_BLOCKS = YES;
				GCC_OPTIMIZATION_LEVEL = 0;
				GCC_PREPROCESSOR_DEFINITIONS = (
					"DEBUG=1",
					"$(inherited)",
				);
				GCC_WARN_64_TO_32_BIT_CONVERSION = YES;
				GCC_WARN_ABOUT_RETURN_TYPE = YES_ERROR;
				GCC_WARN_UNDECLARED_SELECTOR = YES;
				GCC_WARN_UNINITIALIZED_AUTOS = YES_AGGRESSIVE;
				GCC_WARN_UNUSED_FUNCTION = YES;
				GCC_WARN_UNUSED_VARIABLE = YES;
				IPHONEOS_DEPLOYMENT_TARGET = 16.4;
				MTL_ENABLE_DEBUG_INFO = INCLUDE_SOURCE;
				MTL_FAST_MATH = YES;
				ONLY_ACTIVE_ARCH = YES;
				SDKROOT = iphoneos;
				SWIFT_ACTIVE_COMPILATION_CONDITIONS = DEBUG;
				SWIFT_OPTIMIZATION_LEVEL = "-Onone";
			};
			name = Debug;
		};
		9596445C2AAB4ADE006E4114 /* Release */ = {
			isa = XCBuildConfiguration;
			buildSettings = {
				ALWAYS_SEARCH_USER_PATHS = NO;
				CLANG_ANALYZER_NONNULL = YES;
				CLANG_ANALYZER_NUMBER_OBJECT_CONVERSION = YES_AGGRESSIVE;
				CLANG_CXX_LANGUAGE_STANDARD = "gnu++20";
				CLANG_ENABLE_MODULES = YES;
				CLANG_ENABLE_OBJC_ARC = YES;
				CLANG_ENABLE_OBJC_WEAK = YES;
				CLANG_WARN_BLOCK_CAPTURE_AUTORELEASING = YES;
				CLANG_WARN_BOOL_CONVERSION = YES;
				CLANG_WARN_COMMA = YES;
				CLANG_WARN_CONSTANT_CONVERSION = YES;
				CLANG_WARN_DEPRECATED_OBJC_IMPLEMENTATIONS = YES;
				CLANG_WARN_DIRECT_OBJC_ISA_USAGE = YES_ERROR;
				CLANG_WARN_DOCUMENTATION_COMMENTS = YES;
				CLANG_WARN_EMPTY_BODY = YES;
				CLANG_WARN_ENUM_CONVERSION = YES;
				CLANG_WARN_INFINITE_RECURSION = YES;
				CLANG_WARN_INT_CONVERSION = YES;
				CLANG_WARN_NON_LITERAL_NULL_CONVERSION = YES;
				CLANG_WARN_OBJC_IMPLICIT_RETAIN_SELF = YES;
				CLANG_WARN_OBJC_LITERAL_CONVERSION = YES;
				CLANG_WARN_OBJC_ROOT_CLASS = YES_ERROR;
				CLANG_WARN_QUOTED_INCLUDE_IN_FRAMEWORK_HEADER = YES;
				CLANG_WARN_RANGE_LOOP_ANALYSIS = YES;
				CLANG_WARN_STRICT_PROTOTYPES = YES;
				CLANG_WARN_SUSPICIOUS_MOVE = YES;
				CLANG_WARN_UNGUARDED_AVAILABILITY = YES_AGGRESSIVE;
				CLANG_WARN_UNREACHABLE_CODE = YES;
				CLANG_WARN__DUPLICATE_METHOD_MATCH = YES;
				COPY_PHASE_STRIP = NO;
				DEBUG_INFORMATION_FORMAT = "dwarf-with-dsym";
				ENABLE_NS_ASSERTIONS = NO;
				ENABLE_STRICT_OBJC_MSGSEND = YES;
				GCC_C_LANGUAGE_STANDARD = gnu11;
				GCC_NO_COMMON_BLOCKS = YES;
				GCC_WARN_64_TO_32_BIT_CONVERSION = YES;
				GCC_WARN_ABOUT_RETURN_TYPE = YES_ERROR;
				GCC_WARN_UNDECLARED_SELECTOR = YES;
				GCC_WARN_UNINITIALIZED_AUTOS = YES_AGGRESSIVE;
				GCC_WARN_UNUSED_FUNCTION = YES;
				GCC_WARN_UNUSED_VARIABLE = YES;
				IPHONEOS_DEPLOYMENT_TARGET = 16.4;
				MTL_ENABLE_DEBUG_INFO = NO;
				MTL_FAST_MATH = YES;
				SDKROOT = iphoneos;
				SWIFT_COMPILATION_MODE = wholemodule;
				SWIFT_OPTIMIZATION_LEVEL = "-O";
				VALIDATE_PRODUCT = YES;
			};
			name = Release;
		};
		9596445E2AAB4ADE006E4114 /* Debug */ = {
			isa = XCBuildConfiguration;
			baseConfigurationReference = A9D748885987CF339C0FF184 /* Pods-MamaPapaMedicalRecord.debug.xcconfig */;
			buildSettings = {
				ASSETCATALOG_COMPILER_APPICON_NAME = AppIcon;
				ASSETCATALOG_COMPILER_GLOBAL_ACCENT_COLOR_NAME = AccentColor;
				CODE_SIGN_STYLE = Automatic;
				CURRENT_PROJECT_VERSION = 1;
				DEVELOPMENT_TEAM = 57PT3R2QQF;
				GENERATE_INFOPLIST_FILE = YES;
				INFOPLIST_FILE = MamaPapaMedicalRecord/Info.plist;
				INFOPLIST_KEY_UIApplicationSupportsIndirectInputEvents = YES;
				INFOPLIST_KEY_UILaunchStoryboardName = LaunchScreen;
				INFOPLIST_KEY_UIMainStoryboardFile = Main;
				INFOPLIST_KEY_UISupportedInterfaceOrientations_iPad = "UIInterfaceOrientationPortrait UIInterfaceOrientationPortraitUpsideDown UIInterfaceOrientationLandscapeLeft UIInterfaceOrientationLandscapeRight";
				INFOPLIST_KEY_UISupportedInterfaceOrientations_iPhone = "UIInterfaceOrientationPortrait UIInterfaceOrientationLandscapeLeft UIInterfaceOrientationLandscapeRight";
				IPHONEOS_DEPLOYMENT_TARGET = 16.4;
				LD_RUNPATH_SEARCH_PATHS = (
					"$(inherited)",
					"@executable_path/Frameworks",
				);
				MARKETING_VERSION = 1.0;
				PRODUCT_BUNDLE_IDENTIFIER = com.kikuchihara.MamaPapaMedicalRecord;
				PRODUCT_NAME = "$(TARGET_NAME)";
				SWIFT_EMIT_LOC_STRINGS = YES;
				SWIFT_VERSION = 5.0;
				TARGETED_DEVICE_FAMILY = "1,2";
			};
			name = Debug;
		};
		9596445F2AAB4ADE006E4114 /* Release */ = {
			isa = XCBuildConfiguration;
			baseConfigurationReference = 7BEE6CBE3421BE992C079995 /* Pods-MamaPapaMedicalRecord.release.xcconfig */;
			buildSettings = {
				ASSETCATALOG_COMPILER_APPICON_NAME = AppIcon;
				ASSETCATALOG_COMPILER_GLOBAL_ACCENT_COLOR_NAME = AccentColor;
				CODE_SIGN_STYLE = Automatic;
				CURRENT_PROJECT_VERSION = 1;
				DEVELOPMENT_TEAM = 57PT3R2QQF;
				GENERATE_INFOPLIST_FILE = YES;
				INFOPLIST_FILE = MamaPapaMedicalRecord/Info.plist;
				INFOPLIST_KEY_UIApplicationSupportsIndirectInputEvents = YES;
				INFOPLIST_KEY_UILaunchStoryboardName = LaunchScreen;
				INFOPLIST_KEY_UIMainStoryboardFile = Main;
				INFOPLIST_KEY_UISupportedInterfaceOrientations_iPad = "UIInterfaceOrientationPortrait UIInterfaceOrientationPortraitUpsideDown UIInterfaceOrientationLandscapeLeft UIInterfaceOrientationLandscapeRight";
				INFOPLIST_KEY_UISupportedInterfaceOrientations_iPhone = "UIInterfaceOrientationPortrait UIInterfaceOrientationLandscapeLeft UIInterfaceOrientationLandscapeRight";
				IPHONEOS_DEPLOYMENT_TARGET = 16.4;
				LD_RUNPATH_SEARCH_PATHS = (
					"$(inherited)",
					"@executable_path/Frameworks",
				);
				MARKETING_VERSION = 1.0;
				PRODUCT_BUNDLE_IDENTIFIER = com.kikuchihara.MamaPapaMedicalRecord;
				PRODUCT_NAME = "$(TARGET_NAME)";
				SWIFT_EMIT_LOC_STRINGS = YES;
				SWIFT_VERSION = 5.0;
				TARGETED_DEVICE_FAMILY = "1,2";
			};
			name = Release;
		};
		959644612AAB4ADE006E4114 /* Debug */ = {
			isa = XCBuildConfiguration;
			baseConfigurationReference = B38262B75BDFE2692EC4A5AA /* Pods-MamaPapaMedicalRecordTests.debug.xcconfig */;
			buildSettings = {
				ALWAYS_EMBED_SWIFT_STANDARD_LIBRARIES = YES;
				BUNDLE_LOADER = "$(TEST_HOST)";
				CODE_SIGN_STYLE = Automatic;
				CURRENT_PROJECT_VERSION = 1;
				DEVELOPMENT_TEAM = 57PT3R2QQF;
				GENERATE_INFOPLIST_FILE = YES;
				IPHONEOS_DEPLOYMENT_TARGET = 16.4;
				MARKETING_VERSION = 1.0;
				PRODUCT_BUNDLE_IDENTIFIER = com.kikuchihara.MamaPapaMedicalRecordTests;
				PRODUCT_NAME = "$(TARGET_NAME)";
				SWIFT_EMIT_LOC_STRINGS = NO;
				SWIFT_VERSION = 5.0;
				TARGETED_DEVICE_FAMILY = "1,2";
				TEST_HOST = "$(BUILT_PRODUCTS_DIR)/MamaPapaMedicalRecord.app/$(BUNDLE_EXECUTABLE_FOLDER_PATH)/MamaPapaMedicalRecord";
			};
			name = Debug;
		};
		959644622AAB4ADE006E4114 /* Release */ = {
			isa = XCBuildConfiguration;
			baseConfigurationReference = 75A872DC78CD1504269BCCBD /* Pods-MamaPapaMedicalRecordTests.release.xcconfig */;
			buildSettings = {
				ALWAYS_EMBED_SWIFT_STANDARD_LIBRARIES = YES;
				BUNDLE_LOADER = "$(TEST_HOST)";
				CODE_SIGN_STYLE = Automatic;
				CURRENT_PROJECT_VERSION = 1;
				DEVELOPMENT_TEAM = 57PT3R2QQF;
				GENERATE_INFOPLIST_FILE = YES;
				IPHONEOS_DEPLOYMENT_TARGET = 16.4;
				MARKETING_VERSION = 1.0;
				PRODUCT_BUNDLE_IDENTIFIER = com.kikuchihara.MamaPapaMedicalRecordTests;
				PRODUCT_NAME = "$(TARGET_NAME)";
				SWIFT_EMIT_LOC_STRINGS = NO;
				SWIFT_VERSION = 5.0;
				TARGETED_DEVICE_FAMILY = "1,2";
				TEST_HOST = "$(BUILT_PRODUCTS_DIR)/MamaPapaMedicalRecord.app/$(BUNDLE_EXECUTABLE_FOLDER_PATH)/MamaPapaMedicalRecord";
			};
			name = Release;
		};
		959644642AAB4ADE006E4114 /* Debug */ = {
			isa = XCBuildConfiguration;
			baseConfigurationReference = 582E2FBCCFEC9C4FB7937D2D /* Pods-MamaPapaMedicalRecord-MamaPapaMedicalRecordUITests.debug.xcconfig */;
			buildSettings = {
				ALWAYS_EMBED_SWIFT_STANDARD_LIBRARIES = YES;
				CODE_SIGN_STYLE = Automatic;
				CURRENT_PROJECT_VERSION = 1;
				DEVELOPMENT_TEAM = 57PT3R2QQF;
				GENERATE_INFOPLIST_FILE = YES;
				IPHONEOS_DEPLOYMENT_TARGET = 16.4;
				MARKETING_VERSION = 1.0;
				PRODUCT_BUNDLE_IDENTIFIER = com.kikuchihara.MamaPapaMedicalRecordUITests;
				PRODUCT_NAME = "$(TARGET_NAME)";
				SWIFT_EMIT_LOC_STRINGS = NO;
				SWIFT_VERSION = 5.0;
				TARGETED_DEVICE_FAMILY = "1,2";
				TEST_TARGET_NAME = MamaPapaMedicalRecord;
			};
			name = Debug;
		};
		959644652AAB4ADE006E4114 /* Release */ = {
			isa = XCBuildConfiguration;
			baseConfigurationReference = DC8C44D3F430A177E8004C39 /* Pods-MamaPapaMedicalRecord-MamaPapaMedicalRecordUITests.release.xcconfig */;
			buildSettings = {
				ALWAYS_EMBED_SWIFT_STANDARD_LIBRARIES = YES;
				CODE_SIGN_STYLE = Automatic;
				CURRENT_PROJECT_VERSION = 1;
				DEVELOPMENT_TEAM = 57PT3R2QQF;
				GENERATE_INFOPLIST_FILE = YES;
				IPHONEOS_DEPLOYMENT_TARGET = 16.4;
				MARKETING_VERSION = 1.0;
				PRODUCT_BUNDLE_IDENTIFIER = com.kikuchihara.MamaPapaMedicalRecordUITests;
				PRODUCT_NAME = "$(TARGET_NAME)";
				SWIFT_EMIT_LOC_STRINGS = NO;
				SWIFT_VERSION = 5.0;
				TARGETED_DEVICE_FAMILY = "1,2";
				TEST_TARGET_NAME = MamaPapaMedicalRecord;
			};
			name = Release;
		};
/* End XCBuildConfiguration section */

/* Begin XCConfigurationList section */
		9596442E2AAB4ADE006E4114 /* Build configuration list for PBXProject "MamaPapaMedicalRecord" */ = {
			isa = XCConfigurationList;
			buildConfigurations = (
				9596445B2AAB4ADE006E4114 /* Debug */,
				9596445C2AAB4ADE006E4114 /* Release */,
			);
			defaultConfigurationIsVisible = 0;
			defaultConfigurationName = Release;
		};
		9596445D2AAB4ADE006E4114 /* Build configuration list for PBXNativeTarget "MamaPapaMedicalRecord" */ = {
			isa = XCConfigurationList;
			buildConfigurations = (
				9596445E2AAB4ADE006E4114 /* Debug */,
				9596445F2AAB4ADE006E4114 /* Release */,
			);
			defaultConfigurationIsVisible = 0;
			defaultConfigurationName = Release;
		};
		959644602AAB4ADE006E4114 /* Build configuration list for PBXNativeTarget "MamaPapaMedicalRecordTests" */ = {
			isa = XCConfigurationList;
			buildConfigurations = (
				959644612AAB4ADE006E4114 /* Debug */,
				959644622AAB4ADE006E4114 /* Release */,
			);
			defaultConfigurationIsVisible = 0;
			defaultConfigurationName = Release;
		};
		959644632AAB4ADE006E4114 /* Build configuration list for PBXNativeTarget "MamaPapaMedicalRecordUITests" */ = {
			isa = XCConfigurationList;
			buildConfigurations = (
				959644642AAB4ADE006E4114 /* Debug */,
				959644652AAB4ADE006E4114 /* Release */,
			);
			defaultConfigurationIsVisible = 0;
			defaultConfigurationName = Release;
		};
/* End XCConfigurationList section */

/* Begin XCRemoteSwiftPackageReference section */
		953ECA5D2ABC35F000649D20 /* XCRemoteSwiftPackageReference "firebase-ios-sdk" */ = {
			isa = XCRemoteSwiftPackageReference;
			repositoryURL = "https://github.com/firebase/firebase-ios-sdk";
			requirement = {
				kind = upToNextMajorVersion;
				minimumVersion = 10.0.0;
			};
		};
/* End XCRemoteSwiftPackageReference section */

/* Begin XCSwiftPackageProductDependency section */
		953ECA5E2ABC35F000649D20 /* FirebaseAuth */ = {
			isa = XCSwiftPackageProductDependency;
			package = 953ECA5D2ABC35F000649D20 /* XCRemoteSwiftPackageReference "firebase-ios-sdk" */;
			productName = FirebaseAuth;
		};
		953ECA602ABC35F000649D20 /* FirebaseFirestore */ = {
			isa = XCSwiftPackageProductDependency;
			package = 953ECA5D2ABC35F000649D20 /* XCRemoteSwiftPackageReference "firebase-ios-sdk" */;
			productName = FirebaseFirestore;
		};
		953ECA622ABC35F000649D20 /* FirebaseStorage */ = {
			isa = XCSwiftPackageProductDependency;
			package = 953ECA5D2ABC35F000649D20 /* XCRemoteSwiftPackageReference "firebase-ios-sdk" */;
			productName = FirebaseStorage;
		};
/* End XCSwiftPackageProductDependency section */
	};
	rootObject = 9596442B2AAB4ADE006E4114 /* Project object */;
}
